// !$*UTF8*$!
{
	archiveVersion = 1;
	classes = {
	};
	objectVersion = 55;
	objects = {

/* Begin PBXBuildFile section */
		04E101D527E4D18800966779 /* AppDelegate.swift in Sources */ = {isa = PBXBuildFile; fileRef = 04E101D427E4D18800966779 /* AppDelegate.swift */; };
		04E101D727E4D18800966779 /* SceneDelegate.swift in Sources */ = {isa = PBXBuildFile; fileRef = 04E101D627E4D18800966779 /* SceneDelegate.swift */; };
		04E101DE27E4D18B00966779 /* Assets.xcassets in Resources */ = {isa = PBXBuildFile; fileRef = 04E101DD27E4D18B00966779 /* Assets.xcassets */; };
		04E101E127E4D18B00966779 /* LaunchScreen.storyboard in Resources */ = {isa = PBXBuildFile; fileRef = 04E101DF27E4D18B00966779 /* LaunchScreen.storyboard */; };
		04E101EC27E4D18B00966779 /* RijksMuseumTests.swift in Sources */ = {isa = PBXBuildFile; fileRef = 04E101EB27E4D18B00966779 /* RijksMuseumTests.swift */; };
		04E101F627E4D18B00966779 /* RijksMuseumUITests.swift in Sources */ = {isa = PBXBuildFile; fileRef = 04E101F527E4D18B00966779 /* RijksMuseumUITests.swift */; };
		04E101F827E4D18B00966779 /* RijksMuseumUITestsLaunchTests.swift in Sources */ = {isa = PBXBuildFile; fileRef = 04E101F727E4D18B00966779 /* RijksMuseumUITestsLaunchTests.swift */; };
		04E1020C27E4D1D700966779 /* APIClient.swift in Sources */ = {isa = PBXBuildFile; fileRef = 04E1020527E4D1D700966779 /* APIClient.swift */; };
		04E1020D27E4D1D700966779 /* RijksMuseumError.swift in Sources */ = {isa = PBXBuildFile; fileRef = 04E1020727E4D1D700966779 /* RijksMuseumError.swift */; };
		04E1020E27E4D1D700966779 /* WebArtObjectsRepository.swift in Sources */ = {isa = PBXBuildFile; fileRef = 04E1020927E4D1D700966779 /* WebArtObjectsRepository.swift */; };
		04E1020F27E4D1D700966779 /* ArtObjectsRepository.swift in Sources */ = {isa = PBXBuildFile; fileRef = 04E1020A27E4D1D700966779 /* ArtObjectsRepository.swift */; };
		04E1021027E4D1D700966779 /* APILinksFactory.swift in Sources */ = {isa = PBXBuildFile; fileRef = 04E1020B27E4D1D700966779 /* APILinksFactory.swift */; };
		04E1021427E4D23400966779 /* Strings.swift in Sources */ = {isa = PBXBuildFile; fileRef = 04E1021227E4D23400966779 /* Strings.swift */; };
		04E1021527E4D23400966779 /* Localizable.strings in Resources */ = {isa = PBXBuildFile; fileRef = 04E1021327E4D23400966779 /* Localizable.strings */; };
		04E1021727E4D8C800966779 /* CollectionType.swift in Sources */ = {isa = PBXBuildFile; fileRef = 04E1021627E4D8C800966779 /* CollectionType.swift */; };
		04E1022127E4E9C000966779 /* ArtObject.swift in Sources */ = {isa = PBXBuildFile; fileRef = 04E1021B27E4E9C000966779 /* ArtObject.swift */; };
		04E1022327E4E9C000966779 /* CollectionResult.swift in Sources */ = {isa = PBXBuildFile; fileRef = 04E1021D27E4E9C000966779 /* CollectionResult.swift */; };
		04E1022627E4F4DD00966779 /* AppConstant.swift in Sources */ = {isa = PBXBuildFile; fileRef = 04E1022527E4F4DD00966779 /* AppConstant.swift */; };
		04E1023027E4F7B100966779 /* NetworkMock.swift in Sources */ = {isa = PBXBuildFile; fileRef = 04E1022827E4F7B000966779 /* NetworkMock.swift */; };
		04E1023127E4F7B100966779 /* MockReachability.swift in Sources */ = {isa = PBXBuildFile; fileRef = 04E1022927E4F7B000966779 /* MockReachability.swift */; };
		04E1023227E4F7B100966779 /* WebArtObjectsRepositoryTests.swift in Sources */ = {isa = PBXBuildFile; fileRef = 04E1022A27E4F7B100966779 /* WebArtObjectsRepositoryTests.swift */; };
		04E1023327E4F7B100966779 /* NetworkTests.swift in Sources */ = {isa = PBXBuildFile; fileRef = 04E1022B27E4F7B100966779 /* NetworkTests.swift */; };
		04E1023427E4F7B100966779 /* data.json in Resources */ = {isa = PBXBuildFile; fileRef = 04E1022D27E4F7B100966779 /* data.json */; };
		04E1023527E4F7B100966779 /* noData.json in Resources */ = {isa = PBXBuildFile; fileRef = 04E1022E27E4F7B100966779 /* noData.json */; };
		04E1023627E4F7B100966779 /* DataLoader.swift in Sources */ = {isa = PBXBuildFile; fileRef = 04E1022F27E4F7B100966779 /* DataLoader.swift */; };
		04E1023927E4FAA300966779 /* Reachability.swift in Sources */ = {isa = PBXBuildFile; fileRef = 04E1023827E4FAA300966779 /* Reachability.swift */; };
		04E1023B27E4FB3B00966779 /* NotificationName.swift in Sources */ = {isa = PBXBuildFile; fileRef = 04E1023A27E4FB3A00966779 /* NotificationName.swift */; };
		04E1024827E5093200966779 /* ItemCollectionViewCellType.swift in Sources */ = {isa = PBXBuildFile; fileRef = 04E1023F27E5093200966779 /* ItemCollectionViewCellType.swift */; };
		04E1024927E5093200966779 /* PhotosCollectionViewDataSource.swift in Sources */ = {isa = PBXBuildFile; fileRef = 04E1024027E5093200966779 /* PhotosCollectionViewDataSource.swift */; };
		04E1024C27E5093200966779 /* PhotoCollectionCell.swift in Sources */ = {isa = PBXBuildFile; fileRef = 04E1024427E5093200966779 /* PhotoCollectionCell.swift */; };
		04E1024D27E5093200966779 /* PhotosListBuilder.swift in Sources */ = {isa = PBXBuildFile; fileRef = 04E1024527E5093200966779 /* PhotosListBuilder.swift */; };
		04E1024E27E5093200966779 /* PhotosListPresenter.swift in Sources */ = {isa = PBXBuildFile; fileRef = 04E1024627E5093200966779 /* PhotosListPresenter.swift */; };
		04E1024F27E5093200966779 /* PhotosListViewController.swift in Sources */ = {isa = PBXBuildFile; fileRef = 04E1024727E5093200966779 /* PhotosListViewController.swift */; };
		04E1025127E5199C00966779 /* UICollectionView+ReusableCell.swift in Sources */ = {isa = PBXBuildFile; fileRef = 04E1025027E5199C00966779 /* UICollectionView+ReusableCell.swift */; };
		04E1025527E51CFC00966779 /* UIImageView+DownloadImage.swift in Sources */ = {isa = PBXBuildFile; fileRef = 04E1025227E51CFC00966779 /* UIImageView+DownloadImage.swift */; };
		04E1025627E51CFC00966779 /* UIView+Loading.swift in Sources */ = {isa = PBXBuildFile; fileRef = 04E1025327E51CFC00966779 /* UIView+Loading.swift */; };
		04E1025727E51CFC00966779 /* UICollectionView+EmptyState.swift in Sources */ = {isa = PBXBuildFile; fileRef = 04E1025427E51CFC00966779 /* UICollectionView+EmptyState.swift */; };
		04E1025A27E5244000966779 /* Kingfisher in Frameworks */ = {isa = PBXBuildFile; productRef = 04E1025927E5244000966779 /* Kingfisher */; };
		04E1025E27E5266600966779 /* BasePresenterIO.swift in Sources */ = {isa = PBXBuildFile; fileRef = 04E1025C27E5266600966779 /* BasePresenterIO.swift */; };
		04E1025F27E5266600966779 /* CellReusable.swift in Sources */ = {isa = PBXBuildFile; fileRef = 04E1025D27E5266600966779 /* CellReusable.swift */; };
		04E1026227E526A700966779 /* EmptyPlaceHolderView.swift in Sources */ = {isa = PBXBuildFile; fileRef = 04E1026127E526A700966779 /* EmptyPlaceHolderView.swift */; };
		04E1026427E531E100966779 /* WebImage.swift in Sources */ = {isa = PBXBuildFile; fileRef = 04E1026327E531E100966779 /* WebImage.swift */; };
		04E1026627E54DFF00966779 /* EntryPoint.swift in Sources */ = {isa = PBXBuildFile; fileRef = 04E1026527E54DFF00966779 /* EntryPoint.swift */; };
/* End PBXBuildFile section */

/* Begin PBXContainerItemProxy section */
		04E101E827E4D18B00966779 /* PBXContainerItemProxy */ = {
			isa = PBXContainerItemProxy;
			containerPortal = 04E101C927E4D18800966779 /* Project object */;
			proxyType = 1;
			remoteGlobalIDString = 04E101D027E4D18800966779;
			remoteInfo = RijksMuseum;
		};
		04E101F227E4D18B00966779 /* PBXContainerItemProxy */ = {
			isa = PBXContainerItemProxy;
			containerPortal = 04E101C927E4D18800966779 /* Project object */;
			proxyType = 1;
			remoteGlobalIDString = 04E101D027E4D18800966779;
			remoteInfo = RijksMuseum;
		};
/* End PBXContainerItemProxy section */

/* Begin PBXFileReference section */
		04E101D127E4D18800966779 /* RijksMuseum.app */ = {isa = PBXFileReference; explicitFileType = wrapper.application; includeInIndex = 0; path = RijksMuseum.app; sourceTree = BUILT_PRODUCTS_DIR; };
		04E101D427E4D18800966779 /* AppDelegate.swift */ = {isa = PBXFileReference; lastKnownFileType = sourcecode.swift; path = AppDelegate.swift; sourceTree = "<group>"; };
		04E101D627E4D18800966779 /* SceneDelegate.swift */ = {isa = PBXFileReference; lastKnownFileType = sourcecode.swift; path = SceneDelegate.swift; sourceTree = "<group>"; };
		04E101DD27E4D18B00966779 /* Assets.xcassets */ = {isa = PBXFileReference; lastKnownFileType = folder.assetcatalog; path = Assets.xcassets; sourceTree = "<group>"; };
		04E101E027E4D18B00966779 /* Base */ = {isa = PBXFileReference; lastKnownFileType = file.storyboard; name = Base; path = Base.lproj/LaunchScreen.storyboard; sourceTree = "<group>"; };
		04E101E227E4D18B00966779 /* Info.plist */ = {isa = PBXFileReference; lastKnownFileType = text.plist.xml; path = Info.plist; sourceTree = "<group>"; };
		04E101E727E4D18B00966779 /* RijksMuseumTests.xctest */ = {isa = PBXFileReference; explicitFileType = wrapper.cfbundle; includeInIndex = 0; path = RijksMuseumTests.xctest; sourceTree = BUILT_PRODUCTS_DIR; };
		04E101EB27E4D18B00966779 /* RijksMuseumTests.swift */ = {isa = PBXFileReference; lastKnownFileType = sourcecode.swift; path = RijksMuseumTests.swift; sourceTree = "<group>"; };
		04E101F127E4D18B00966779 /* RijksMuseumUITests.xctest */ = {isa = PBXFileReference; explicitFileType = wrapper.cfbundle; includeInIndex = 0; path = RijksMuseumUITests.xctest; sourceTree = BUILT_PRODUCTS_DIR; };
		04E101F527E4D18B00966779 /* RijksMuseumUITests.swift */ = {isa = PBXFileReference; lastKnownFileType = sourcecode.swift; path = RijksMuseumUITests.swift; sourceTree = "<group>"; };
		04E101F727E4D18B00966779 /* RijksMuseumUITestsLaunchTests.swift */ = {isa = PBXFileReference; lastKnownFileType = sourcecode.swift; path = RijksMuseumUITestsLaunchTests.swift; sourceTree = "<group>"; };
		04E1020527E4D1D700966779 /* APIClient.swift */ = {isa = PBXFileReference; fileEncoding = 4; lastKnownFileType = sourcecode.swift; path = APIClient.swift; sourceTree = "<group>"; };
		04E1020727E4D1D700966779 /* RijksMuseumError.swift */ = {isa = PBXFileReference; fileEncoding = 4; lastKnownFileType = sourcecode.swift; path = RijksMuseumError.swift; sourceTree = "<group>"; };
		04E1020927E4D1D700966779 /* WebArtObjectsRepository.swift */ = {isa = PBXFileReference; fileEncoding = 4; lastKnownFileType = sourcecode.swift; path = WebArtObjectsRepository.swift; sourceTree = "<group>"; };
		04E1020A27E4D1D700966779 /* ArtObjectsRepository.swift */ = {isa = PBXFileReference; fileEncoding = 4; lastKnownFileType = sourcecode.swift; path = ArtObjectsRepository.swift; sourceTree = "<group>"; };
		04E1020B27E4D1D700966779 /* APILinksFactory.swift */ = {isa = PBXFileReference; fileEncoding = 4; lastKnownFileType = sourcecode.swift; path = APILinksFactory.swift; sourceTree = "<group>"; };
		04E1021227E4D23400966779 /* Strings.swift */ = {isa = PBXFileReference; fileEncoding = 4; lastKnownFileType = sourcecode.swift; path = Strings.swift; sourceTree = "<group>"; };
		04E1021327E4D23400966779 /* Localizable.strings */ = {isa = PBXFileReference; fileEncoding = 4; lastKnownFileType = text.plist.strings; path = Localizable.strings; sourceTree = "<group>"; };
		04E1021627E4D8C800966779 /* CollectionType.swift */ = {isa = PBXFileReference; lastKnownFileType = sourcecode.swift; path = CollectionType.swift; sourceTree = "<group>"; };
		04E1021B27E4E9C000966779 /* ArtObject.swift */ = {isa = PBXFileReference; fileEncoding = 4; lastKnownFileType = sourcecode.swift; path = ArtObject.swift; sourceTree = "<group>"; };
		04E1021D27E4E9C000966779 /* CollectionResult.swift */ = {isa = PBXFileReference; fileEncoding = 4; lastKnownFileType = sourcecode.swift; path = CollectionResult.swift; sourceTree = "<group>"; };
		04E1022527E4F4DD00966779 /* AppConstant.swift */ = {isa = PBXFileReference; fileEncoding = 4; lastKnownFileType = sourcecode.swift; path = AppConstant.swift; sourceTree = "<group>"; };
		04E1022827E4F7B000966779 /* NetworkMock.swift */ = {isa = PBXFileReference; fileEncoding = 4; lastKnownFileType = sourcecode.swift; path = NetworkMock.swift; sourceTree = "<group>"; };
		04E1022927E4F7B000966779 /* MockReachability.swift */ = {isa = PBXFileReference; fileEncoding = 4; lastKnownFileType = sourcecode.swift; path = MockReachability.swift; sourceTree = "<group>"; };
		04E1022A27E4F7B100966779 /* WebArtObjectsRepositoryTests.swift */ = {isa = PBXFileReference; fileEncoding = 4; lastKnownFileType = sourcecode.swift; path = WebArtObjectsRepositoryTests.swift; sourceTree = "<group>"; };
		04E1022B27E4F7B100966779 /* NetworkTests.swift */ = {isa = PBXFileReference; fileEncoding = 4; lastKnownFileType = sourcecode.swift; path = NetworkTests.swift; sourceTree = "<group>"; };
		04E1022D27E4F7B100966779 /* data.json */ = {isa = PBXFileReference; fileEncoding = 4; lastKnownFileType = text.json; path = data.json; sourceTree = "<group>"; };
		04E1022E27E4F7B100966779 /* noData.json */ = {isa = PBXFileReference; fileEncoding = 4; lastKnownFileType = text.json; path = noData.json; sourceTree = "<group>"; };
		04E1022F27E4F7B100966779 /* DataLoader.swift */ = {isa = PBXFileReference; fileEncoding = 4; lastKnownFileType = sourcecode.swift; path = DataLoader.swift; sourceTree = "<group>"; };
		04E1023827E4FAA300966779 /* Reachability.swift */ = {isa = PBXFileReference; fileEncoding = 4; lastKnownFileType = sourcecode.swift; path = Reachability.swift; sourceTree = "<group>"; };
		04E1023A27E4FB3A00966779 /* NotificationName.swift */ = {isa = PBXFileReference; fileEncoding = 4; lastKnownFileType = sourcecode.swift; path = NotificationName.swift; sourceTree = "<group>"; };
		04E1023F27E5093200966779 /* ItemCollectionViewCellType.swift */ = {isa = PBXFileReference; fileEncoding = 4; lastKnownFileType = sourcecode.swift; path = ItemCollectionViewCellType.swift; sourceTree = "<group>"; };
		04E1024027E5093200966779 /* PhotosCollectionViewDataSource.swift */ = {isa = PBXFileReference; fileEncoding = 4; lastKnownFileType = sourcecode.swift; path = PhotosCollectionViewDataSource.swift; sourceTree = "<group>"; };
		04E1024427E5093200966779 /* PhotoCollectionCell.swift */ = {isa = PBXFileReference; fileEncoding = 4; lastKnownFileType = sourcecode.swift; path = PhotoCollectionCell.swift; sourceTree = "<group>"; };
		04E1024527E5093200966779 /* PhotosListBuilder.swift */ = {isa = PBXFileReference; fileEncoding = 4; lastKnownFileType = sourcecode.swift; path = PhotosListBuilder.swift; sourceTree = "<group>"; };
		04E1024627E5093200966779 /* PhotosListPresenter.swift */ = {isa = PBXFileReference; fileEncoding = 4; lastKnownFileType = sourcecode.swift; path = PhotosListPresenter.swift; sourceTree = "<group>"; };
		04E1024727E5093200966779 /* PhotosListViewController.swift */ = {isa = PBXFileReference; fileEncoding = 4; lastKnownFileType = sourcecode.swift; path = PhotosListViewController.swift; sourceTree = "<group>"; };
		04E1025027E5199C00966779 /* UICollectionView+ReusableCell.swift */ = {isa = PBXFileReference; fileEncoding = 4; lastKnownFileType = sourcecode.swift; path = "UICollectionView+ReusableCell.swift"; sourceTree = "<group>"; };
		04E1025227E51CFC00966779 /* UIImageView+DownloadImage.swift */ = {isa = PBXFileReference; fileEncoding = 4; lastKnownFileType = sourcecode.swift; path = "UIImageView+DownloadImage.swift"; sourceTree = "<group>"; };
		04E1025327E51CFC00966779 /* UIView+Loading.swift */ = {isa = PBXFileReference; fileEncoding = 4; lastKnownFileType = sourcecode.swift; path = "UIView+Loading.swift"; sourceTree = "<group>"; };
		04E1025427E51CFC00966779 /* UICollectionView+EmptyState.swift */ = {isa = PBXFileReference; fileEncoding = 4; lastKnownFileType = sourcecode.swift; path = "UICollectionView+EmptyState.swift"; sourceTree = "<group>"; };
		04E1025C27E5266600966779 /* BasePresenterIO.swift */ = {isa = PBXFileReference; fileEncoding = 4; lastKnownFileType = sourcecode.swift; path = BasePresenterIO.swift; sourceTree = "<group>"; };
		04E1025D27E5266600966779 /* CellReusable.swift */ = {isa = PBXFileReference; fileEncoding = 4; lastKnownFileType = sourcecode.swift; path = CellReusable.swift; sourceTree = "<group>"; };
		04E1026127E526A700966779 /* EmptyPlaceHolderView.swift */ = {isa = PBXFileReference; fileEncoding = 4; lastKnownFileType = sourcecode.swift; path = EmptyPlaceHolderView.swift; sourceTree = "<group>"; };
		04E1026327E531E100966779 /* WebImage.swift */ = {isa = PBXFileReference; lastKnownFileType = sourcecode.swift; path = WebImage.swift; sourceTree = "<group>"; };
		04E1026527E54DFF00966779 /* EntryPoint.swift */ = {isa = PBXFileReference; fileEncoding = 4; lastKnownFileType = sourcecode.swift; path = EntryPoint.swift; sourceTree = "<group>"; };
/* End PBXFileReference section */

/* Begin PBXFrameworksBuildPhase section */
		04E101CE27E4D18800966779 /* Frameworks */ = {
			isa = PBXFrameworksBuildPhase;
			buildActionMask = 2147483647;
			files = (
				04E1025A27E5244000966779 /* Kingfisher in Frameworks */,
			);
			runOnlyForDeploymentPostprocessing = 0;
		};
		04E101E427E4D18B00966779 /* Frameworks */ = {
			isa = PBXFrameworksBuildPhase;
			buildActionMask = 2147483647;
			files = (
			);
			runOnlyForDeploymentPostprocessing = 0;
		};
		04E101EE27E4D18B00966779 /* Frameworks */ = {
			isa = PBXFrameworksBuildPhase;
			buildActionMask = 2147483647;
			files = (
			);
			runOnlyForDeploymentPostprocessing = 0;
		};
/* End PBXFrameworksBuildPhase section */

/* Begin PBXGroup section */
		04E101C827E4D18800966779 = {
			isa = PBXGroup;
			children = (
				04E101D327E4D18800966779 /* RijksMuseum */,
				04E101EA27E4D18B00966779 /* RijksMuseumTests */,
				04E101F427E4D18B00966779 /* RijksMuseumUITests */,
				04E101D227E4D18800966779 /* Products */,
			);
			sourceTree = "<group>";
		};
		04E101D227E4D18800966779 /* Products */ = {
			isa = PBXGroup;
			children = (
				04E101D127E4D18800966779 /* RijksMuseum.app */,
				04E101E727E4D18B00966779 /* RijksMuseumTests.xctest */,
				04E101F127E4D18B00966779 /* RijksMuseumUITests.xctest */,
			);
			name = Products;
			sourceTree = "<group>";
		};
		04E101D327E4D18800966779 /* RijksMuseum */ = {
			isa = PBXGroup;
			children = (
				04E101D427E4D18800966779 /* AppDelegate.swift */,
				04E101D627E4D18800966779 /* SceneDelegate.swift */,
				04E1026527E54DFF00966779 /* EntryPoint.swift */,
				04E1022527E4F4DD00966779 /* AppConstant.swift */,
				04E1020727E4D1D700966779 /* RijksMuseumError.swift */,
				04E1023727E4FA8900966779 /* Extension */,
				04E1021827E4E9C000966779 /* Models */,
				04E1026027E526A700966779 /* SharedViews */,
				04E1025B27E5266600966779 /* Protocol */,
				04E1021127E4D23400966779 /* Strings */,
				04E1020427E4D1D700966779 /* DataAccessLayer */,
				04E1023C27E5093200966779 /* Scene */,
				04E101DD27E4D18B00966779 /* Assets.xcassets */,
				04E101DF27E4D18B00966779 /* LaunchScreen.storyboard */,
				04E101E227E4D18B00966779 /* Info.plist */,
			);
			path = RijksMuseum;
			sourceTree = "<group>";
		};
		04E101EA27E4D18B00966779 /* RijksMuseumTests */ = {
			isa = PBXGroup;
			children = (
				04E1022C27E4F7B100966779 /* DataLoader */,
				04E1022727E4F7B000966779 /* Mocker */,
				04E1022B27E4F7B100966779 /* NetworkTests.swift */,
				04E1022A27E4F7B100966779 /* WebArtObjectsRepositoryTests.swift */,
				04E101EB27E4D18B00966779 /* RijksMuseumTests.swift */,
			);
			path = RijksMuseumTests;
			sourceTree = "<group>";
		};
		04E101F427E4D18B00966779 /* RijksMuseumUITests */ = {
			isa = PBXGroup;
			children = (
				04E101F527E4D18B00966779 /* RijksMuseumUITests.swift */,
				04E101F727E4D18B00966779 /* RijksMuseumUITestsLaunchTests.swift */,
			);
			path = RijksMuseumUITests;
			sourceTree = "<group>";
		};
		04E1020427E4D1D700966779 /* DataAccessLayer */ = {
			isa = PBXGroup;
			children = (
				04E1020527E4D1D700966779 /* APIClient.swift */,
				04E1020B27E4D1D700966779 /* APILinksFactory.swift */,
				04E1020827E4D1D700966779 /* ArtObjectsRepository */,
				04E1021627E4D8C800966779 /* CollectionType.swift */,
			);
			path = DataAccessLayer;
			sourceTree = "<group>";
		};
		04E1020827E4D1D700966779 /* ArtObjectsRepository */ = {
			isa = PBXGroup;
			children = (
				04E1020927E4D1D700966779 /* WebArtObjectsRepository.swift */,
				04E1020A27E4D1D700966779 /* ArtObjectsRepository.swift */,
			);
			path = ArtObjectsRepository;
			sourceTree = "<group>";
		};
		04E1021127E4D23400966779 /* Strings */ = {
			isa = PBXGroup;
			children = (
				04E1021227E4D23400966779 /* Strings.swift */,
				04E1021327E4D23400966779 /* Localizable.strings */,
			);
			path = Strings;
			sourceTree = "<group>";
		};
		04E1021827E4E9C000966779 /* Models */ = {
			isa = PBXGroup;
			children = (
				04E1021B27E4E9C000966779 /* ArtObject.swift */,
				04E1026327E531E100966779 /* WebImage.swift */,
				04E1021D27E4E9C000966779 /* CollectionResult.swift */,
			);
			path = Models;
			sourceTree = "<group>";
		};
		04E1022727E4F7B000966779 /* Mocker */ = {
			isa = PBXGroup;
			children = (
				04E1022827E4F7B000966779 /* NetworkMock.swift */,
				04E1022927E4F7B000966779 /* MockReachability.swift */,
			);
			path = Mocker;
			sourceTree = "<group>";
		};
		04E1022C27E4F7B100966779 /* DataLoader */ = {
			isa = PBXGroup;
			children = (
				04E1022D27E4F7B100966779 /* data.json */,
				04E1022E27E4F7B100966779 /* noData.json */,
				04E1022F27E4F7B100966779 /* DataLoader.swift */,
			);
			path = DataLoader;
			sourceTree = "<group>";
		};
		04E1023727E4FA8900966779 /* Extension */ = {
			isa = PBXGroup;
			children = (
				04E1023827E4FAA300966779 /* Reachability.swift */,
				04E1023A27E4FB3A00966779 /* NotificationName.swift */,
				04E1025027E5199C00966779 /* UICollectionView+ReusableCell.swift */,
				04E1025427E51CFC00966779 /* UICollectionView+EmptyState.swift */,
				04E1025227E51CFC00966779 /* UIImageView+DownloadImage.swift */,
				04E1025327E51CFC00966779 /* UIView+Loading.swift */,
			);
			path = Extension;
			sourceTree = "<group>";
		};
		04E1023C27E5093200966779 /* Scene */ = {
			isa = PBXGroup;
			children = (
				04E1023D27E5093200966779 /* PhotosList */,
			);
			path = Scene;
			sourceTree = "<group>";
		};
		04E1023D27E5093200966779 /* PhotosList */ = {
			isa = PBXGroup;
			children = (
				04E1023E27E5093200966779 /* DataSource */,
				04E1024127E5093200966779 /* Cells */,
				04E1024527E5093200966779 /* PhotosListBuilder.swift */,
				04E1024627E5093200966779 /* PhotosListPresenter.swift */,
				04E1024727E5093200966779 /* PhotosListViewController.swift */,
			);
			path = PhotosList;
			sourceTree = "<group>";
		};
		04E1023E27E5093200966779 /* DataSource */ = {
			isa = PBXGroup;
			children = (
				04E1023F27E5093200966779 /* ItemCollectionViewCellType.swift */,
				04E1024027E5093200966779 /* PhotosCollectionViewDataSource.swift */,
			);
			path = DataSource;
			sourceTree = "<group>";
		};
		04E1024127E5093200966779 /* Cells */ = {
			isa = PBXGroup;
			children = (
				04E1024427E5093200966779 /* PhotoCollectionCell.swift */,
			);
			path = Cells;
			sourceTree = "<group>";
		};
		04E1025B27E5266600966779 /* Protocol */ = {
			isa = PBXGroup;
			children = (
				04E1025C27E5266600966779 /* BasePresenterIO.swift */,
				04E1025D27E5266600966779 /* CellReusable.swift */,
			);
			path = Protocol;
			sourceTree = "<group>";
		};
		04E1026027E526A700966779 /* SharedViews */ = {
			isa = PBXGroup;
			children = (
				04E1026127E526A700966779 /* EmptyPlaceHolderView.swift */,
			);
			path = SharedViews;
			sourceTree = "<group>";
		};
/* End PBXGroup section */

/* Begin PBXNativeTarget section */
		04E101D027E4D18800966779 /* RijksMuseum */ = {
			isa = PBXNativeTarget;
			buildConfigurationList = 04E101FB27E4D18B00966779 /* Build configuration list for PBXNativeTarget "RijksMuseum" */;
			buildPhases = (
				04E101CD27E4D18800966779 /* Sources */,
				04E101CE27E4D18800966779 /* Frameworks */,
				04E101CF27E4D18800966779 /* Resources */,
			);
			buildRules = (
			);
			dependencies = (
			);
			name = RijksMuseum;
			packageProductDependencies = (
				04E1025927E5244000966779 /* Kingfisher */,
			);
			productName = RijksMuseum;
			productReference = 04E101D127E4D18800966779 /* RijksMuseum.app */;
			productType = "com.apple.product-type.application";
		};
		04E101E627E4D18B00966779 /* RijksMuseumTests */ = {
			isa = PBXNativeTarget;
			buildConfigurationList = 04E101FE27E4D18B00966779 /* Build configuration list for PBXNativeTarget "RijksMuseumTests" */;
			buildPhases = (
				04E101E327E4D18B00966779 /* Sources */,
				04E101E427E4D18B00966779 /* Frameworks */,
				04E101E527E4D18B00966779 /* Resources */,
			);
			buildRules = (
			);
			dependencies = (
				04E101E927E4D18B00966779 /* PBXTargetDependency */,
			);
			name = RijksMuseumTests;
			productName = RijksMuseumTests;
			productReference = 04E101E727E4D18B00966779 /* RijksMuseumTests.xctest */;
			productType = "com.apple.product-type.bundle.unit-test";
		};
		04E101F027E4D18B00966779 /* RijksMuseumUITests */ = {
			isa = PBXNativeTarget;
			buildConfigurationList = 04E1020127E4D18B00966779 /* Build configuration list for PBXNativeTarget "RijksMuseumUITests" */;
			buildPhases = (
				04E101ED27E4D18B00966779 /* Sources */,
				04E101EE27E4D18B00966779 /* Frameworks */,
				04E101EF27E4D18B00966779 /* Resources */,
			);
			buildRules = (
			);
			dependencies = (
				04E101F327E4D18B00966779 /* PBXTargetDependency */,
			);
			name = RijksMuseumUITests;
			productName = RijksMuseumUITests;
			productReference = 04E101F127E4D18B00966779 /* RijksMuseumUITests.xctest */;
			productType = "com.apple.product-type.bundle.ui-testing";
		};
/* End PBXNativeTarget section */

/* Begin PBXProject section */
		04E101C927E4D18800966779 /* Project object */ = {
			isa = PBXProject;
			attributes = {
				BuildIndependentTargetsInParallel = 1;
				LastSwiftUpdateCheck = 1330;
				LastUpgradeCheck = 1330;
				TargetAttributes = {
					04E101D027E4D18800966779 = {
						CreatedOnToolsVersion = 13.3;
					};
					04E101E627E4D18B00966779 = {
						CreatedOnToolsVersion = 13.3;
						TestTargetID = 04E101D027E4D18800966779;
					};
					04E101F027E4D18B00966779 = {
						CreatedOnToolsVersion = 13.3;
						TestTargetID = 04E101D027E4D18800966779;
					};
				};
			};
			buildConfigurationList = 04E101CC27E4D18800966779 /* Build configuration list for PBXProject "RijksMuseum" */;
			compatibilityVersion = "Xcode 13.0";
			developmentRegion = en;
			hasScannedForEncodings = 0;
			knownRegions = (
				en,
				Base,
			);
			mainGroup = 04E101C827E4D18800966779;
			packageReferences = (
				04E1025827E5244000966779 /* XCRemoteSwiftPackageReference "Kingfisher" */,
			);
			productRefGroup = 04E101D227E4D18800966779 /* Products */;
			projectDirPath = "";
			projectRoot = "";
			targets = (
				04E101D027E4D18800966779 /* RijksMuseum */,
				04E101E627E4D18B00966779 /* RijksMuseumTests */,
				04E101F027E4D18B00966779 /* RijksMuseumUITests */,
			);
		};
/* End PBXProject section */

/* Begin PBXResourcesBuildPhase section */
		04E101CF27E4D18800966779 /* Resources */ = {
			isa = PBXResourcesBuildPhase;
			buildActionMask = 2147483647;
			files = (
				04E101E127E4D18B00966779 /* LaunchScreen.storyboard in Resources */,
				04E1021527E4D23400966779 /* Localizable.strings in Resources */,
				04E101DE27E4D18B00966779 /* Assets.xcassets in Resources */,
			);
			runOnlyForDeploymentPostprocessing = 0;
		};
		04E101E527E4D18B00966779 /* Resources */ = {
			isa = PBXResourcesBuildPhase;
			buildActionMask = 2147483647;
			files = (
				04E1023527E4F7B100966779 /* noData.json in Resources */,
				04E1023427E4F7B100966779 /* data.json in Resources */,
			);
			runOnlyForDeploymentPostprocessing = 0;
		};
		04E101EF27E4D18B00966779 /* Resources */ = {
			isa = PBXResourcesBuildPhase;
			buildActionMask = 2147483647;
			files = (
			);
			runOnlyForDeploymentPostprocessing = 0;
		};
/* End PBXResourcesBuildPhase section */

/* Begin PBXSourcesBuildPhase section */
		04E101CD27E4D18800966779 /* Sources */ = {
			isa = PBXSourcesBuildPhase;
			buildActionMask = 2147483647;
			files = (
				04E1026627E54DFF00966779 /* EntryPoint.swift in Sources */,
				04E1023927E4FAA300966779 /* Reachability.swift in Sources */,
				04E1024E27E5093200966779 /* PhotosListPresenter.swift in Sources */,
				04E1025E27E5266600966779 /* BasePresenterIO.swift in Sources */,
				04E1021427E4D23400966779 /* Strings.swift in Sources */,
				04E1026427E531E100966779 /* WebImage.swift in Sources */,
				04E1025527E51CFC00966779 /* UIImageView+DownloadImage.swift in Sources */,
				04E101D527E4D18800966779 /* AppDelegate.swift in Sources */,
				04E101D727E4D18800966779 /* SceneDelegate.swift in Sources */,
				04E1022627E4F4DD00966779 /* AppConstant.swift in Sources */,
				04E1024827E5093200966779 /* ItemCollectionViewCellType.swift in Sources */,
				04E1021027E4D1D700966779 /* APILinksFactory.swift in Sources */,
				04E1022327E4E9C000966779 /* CollectionResult.swift in Sources */,
				04E1021727E4D8C800966779 /* CollectionType.swift in Sources */,
				04E1020E27E4D1D700966779 /* WebArtObjectsRepository.swift in Sources */,
				04E1020D27E4D1D700966779 /* RijksMuseumError.swift in Sources */,
				04E1022127E4E9C000966779 /* ArtObject.swift in Sources */,
				04E1024C27E5093200966779 /* PhotoCollectionCell.swift in Sources */,
				04E1025F27E5266600966779 /* CellReusable.swift in Sources */,
				04E1020C27E4D1D700966779 /* APIClient.swift in Sources */,
				04E1025127E5199C00966779 /* UICollectionView+ReusableCell.swift in Sources */,
				04E1024F27E5093200966779 /* PhotosListViewController.swift in Sources */,
				04E1024927E5093200966779 /* PhotosCollectionViewDataSource.swift in Sources */,
				04E1026227E526A700966779 /* EmptyPlaceHolderView.swift in Sources */,
				04E1023B27E4FB3B00966779 /* NotificationName.swift in Sources */,
				04E1025627E51CFC00966779 /* UIView+Loading.swift in Sources */,
				04E1020F27E4D1D700966779 /* ArtObjectsRepository.swift in Sources */,
				04E1024D27E5093200966779 /* PhotosListBuilder.swift in Sources */,
				04E1025727E51CFC00966779 /* UICollectionView+EmptyState.swift in Sources */,
			);
			runOnlyForDeploymentPostprocessing = 0;
		};
		04E101E327E4D18B00966779 /* Sources */ = {
			isa = PBXSourcesBuildPhase;
			buildActionMask = 2147483647;
			files = (
				04E1023127E4F7B100966779 /* MockReachability.swift in Sources */,
				04E1023027E4F7B100966779 /* NetworkMock.swift in Sources */,
				04E1023627E4F7B100966779 /* DataLoader.swift in Sources */,
				04E1023327E4F7B100966779 /* NetworkTests.swift in Sources */,
				04E101EC27E4D18B00966779 /* RijksMuseumTests.swift in Sources */,
				04E1023227E4F7B100966779 /* WebArtObjectsRepositoryTests.swift in Sources */,
			);
			runOnlyForDeploymentPostprocessing = 0;
		};
		04E101ED27E4D18B00966779 /* Sources */ = {
			isa = PBXSourcesBuildPhase;
			buildActionMask = 2147483647;
			files = (
				04E101F827E4D18B00966779 /* RijksMuseumUITestsLaunchTests.swift in Sources */,
				04E101F627E4D18B00966779 /* RijksMuseumUITests.swift in Sources */,
			);
			runOnlyForDeploymentPostprocessing = 0;
		};
/* End PBXSourcesBuildPhase section */

/* Begin PBXTargetDependency section */
		04E101E927E4D18B00966779 /* PBXTargetDependency */ = {
			isa = PBXTargetDependency;
			target = 04E101D027E4D18800966779 /* RijksMuseum */;
			targetProxy = 04E101E827E4D18B00966779 /* PBXContainerItemProxy */;
		};
		04E101F327E4D18B00966779 /* PBXTargetDependency */ = {
			isa = PBXTargetDependency;
			target = 04E101D027E4D18800966779 /* RijksMuseum */;
			targetProxy = 04E101F227E4D18B00966779 /* PBXContainerItemProxy */;
		};
/* End PBXTargetDependency section */

/* Begin PBXVariantGroup section */
		04E101DF27E4D18B00966779 /* LaunchScreen.storyboard */ = {
			isa = PBXVariantGroup;
			children = (
				04E101E027E4D18B00966779 /* Base */,
			);
			name = LaunchScreen.storyboard;
			sourceTree = "<group>";
		};
/* End PBXVariantGroup section */

/* Begin XCBuildConfiguration section */
		04E101F927E4D18B00966779 /* Debug */ = {
			isa = XCBuildConfiguration;
			buildSettings = {
				ALWAYS_SEARCH_USER_PATHS = NO;
				CLANG_ANALYZER_NONNULL = YES;
				CLANG_ANALYZER_NUMBER_OBJECT_CONVERSION = YES_AGGRESSIVE;
				CLANG_CXX_LANGUAGE_STANDARD = "gnu++17";
				CLANG_ENABLE_MODULES = YES;
				CLANG_ENABLE_OBJC_ARC = YES;
				CLANG_ENABLE_OBJC_WEAK = YES;
				CLANG_WARN_BLOCK_CAPTURE_AUTORELEASING = YES;
				CLANG_WARN_BOOL_CONVERSION = YES;
				CLANG_WARN_COMMA = YES;
				CLANG_WARN_CONSTANT_CONVERSION = YES;
				CLANG_WARN_DEPRECATED_OBJC_IMPLEMENTATIONS = YES;
				CLANG_WARN_DIRECT_OBJC_ISA_USAGE = YES_ERROR;
				CLANG_WARN_DOCUMENTATION_COMMENTS = YES;
				CLANG_WARN_EMPTY_BODY = YES;
				CLANG_WARN_ENUM_CONVERSION = YES;
				CLANG_WARN_INFINITE_RECURSION = YES;
				CLANG_WARN_INT_CONVERSION = YES;
				CLANG_WARN_NON_LITERAL_NULL_CONVERSION = YES;
				CLANG_WARN_OBJC_IMPLICIT_RETAIN_SELF = YES;
				CLANG_WARN_OBJC_LITERAL_CONVERSION = YES;
				CLANG_WARN_OBJC_ROOT_CLASS = YES_ERROR;
				CLANG_WARN_QUOTED_INCLUDE_IN_FRAMEWORK_HEADER = YES;
				CLANG_WARN_RANGE_LOOP_ANALYSIS = YES;
				CLANG_WARN_STRICT_PROTOTYPES = YES;
				CLANG_WARN_SUSPICIOUS_MOVE = YES;
				CLANG_WARN_UNGUARDED_AVAILABILITY = YES_AGGRESSIVE;
				CLANG_WARN_UNREACHABLE_CODE = YES;
				CLANG_WARN__DUPLICATE_METHOD_MATCH = YES;
				COPY_PHASE_STRIP = NO;
				DEBUG_INFORMATION_FORMAT = dwarf;
				ENABLE_STRICT_OBJC_MSGSEND = YES;
				ENABLE_TESTABILITY = YES;
				GCC_C_LANGUAGE_STANDARD = gnu11;
				GCC_DYNAMIC_NO_PIC = NO;
				GCC_NO_COMMON_BLOCKS = YES;
				GCC_OPTIMIZATION_LEVEL = 0;
				GCC_PREPROCESSOR_DEFINITIONS = (
					"DEBUG=1",
					"$(inherited)",
				);
				GCC_WARN_64_TO_32_BIT_CONVERSION = YES;
				GCC_WARN_ABOUT_RETURN_TYPE = YES_ERROR;
				GCC_WARN_UNDECLARED_SELECTOR = YES;
				GCC_WARN_UNINITIALIZED_AUTOS = YES_AGGRESSIVE;
				GCC_WARN_UNUSED_FUNCTION = YES;
				GCC_WARN_UNUSED_VARIABLE = YES;
				IPHONEOS_DEPLOYMENT_TARGET = 15.4;
				MTL_ENABLE_DEBUG_INFO = INCLUDE_SOURCE;
				MTL_FAST_MATH = YES;
				ONLY_ACTIVE_ARCH = YES;
				SDKROOT = iphoneos;
				SWIFT_ACTIVE_COMPILATION_CONDITIONS = DEBUG;
				SWIFT_OPTIMIZATION_LEVEL = "-Onone";
			};
			name = Debug;
		};
		04E101FA27E4D18B00966779 /* Release */ = {
			isa = XCBuildConfiguration;
			buildSettings = {
				ALWAYS_SEARCH_USER_PATHS = NO;
				CLANG_ANALYZER_NONNULL = YES;
				CLANG_ANALYZER_NUMBER_OBJECT_CONVERSION = YES_AGGRESSIVE;
				CLANG_CXX_LANGUAGE_STANDARD = "gnu++17";
				CLANG_ENABLE_MODULES = YES;
				CLANG_ENABLE_OBJC_ARC = YES;
				CLANG_ENABLE_OBJC_WEAK = YES;
				CLANG_WARN_BLOCK_CAPTURE_AUTORELEASING = YES;
				CLANG_WARN_BOOL_CONVERSION = YES;
				CLANG_WARN_COMMA = YES;
				CLANG_WARN_CONSTANT_CONVERSION = YES;
				CLANG_WARN_DEPRECATED_OBJC_IMPLEMENTATIONS = YES;
				CLANG_WARN_DIRECT_OBJC_ISA_USAGE = YES_ERROR;
				CLANG_WARN_DOCUMENTATION_COMMENTS = YES;
				CLANG_WARN_EMPTY_BODY = YES;
				CLANG_WARN_ENUM_CONVERSION = YES;
				CLANG_WARN_INFINITE_RECURSION = YES;
				CLANG_WARN_INT_CONVERSION = YES;
				CLANG_WARN_NON_LITERAL_NULL_CONVERSION = YES;
				CLANG_WARN_OBJC_IMPLICIT_RETAIN_SELF = YES;
				CLANG_WARN_OBJC_LITERAL_CONVERSION = YES;
				CLANG_WARN_OBJC_ROOT_CLASS = YES_ERROR;
				CLANG_WARN_QUOTED_INCLUDE_IN_FRAMEWORK_HEADER = YES;
				CLANG_WARN_RANGE_LOOP_ANALYSIS = YES;
				CLANG_WARN_STRICT_PROTOTYPES = YES;
				CLANG_WARN_SUSPICIOUS_MOVE = YES;
				CLANG_WARN_UNGUARDED_AVAILABILITY = YES_AGGRESSIVE;
				CLANG_WARN_UNREACHABLE_CODE = YES;
				CLANG_WARN__DUPLICATE_METHOD_MATCH = YES;
				COPY_PHASE_STRIP = NO;
				DEBUG_INFORMATION_FORMAT = "dwarf-with-dsym";
				ENABLE_NS_ASSERTIONS = NO;
				ENABLE_STRICT_OBJC_MSGSEND = YES;
				GCC_C_LANGUAGE_STANDARD = gnu11;
				GCC_NO_COMMON_BLOCKS = YES;
				GCC_WARN_64_TO_32_BIT_CONVERSION = YES;
				GCC_WARN_ABOUT_RETURN_TYPE = YES_ERROR;
				GCC_WARN_UNDECLARED_SELECTOR = YES;
				GCC_WARN_UNINITIALIZED_AUTOS = YES_AGGRESSIVE;
				GCC_WARN_UNUSED_FUNCTION = YES;
				GCC_WARN_UNUSED_VARIABLE = YES;
				IPHONEOS_DEPLOYMENT_TARGET = 15.4;
				MTL_ENABLE_DEBUG_INFO = NO;
				MTL_FAST_MATH = YES;
				SDKROOT = iphoneos;
				SWIFT_COMPILATION_MODE = wholemodule;
				SWIFT_OPTIMIZATION_LEVEL = "-O";
				VALIDATE_PRODUCT = YES;
			};
			name = Release;
		};
		04E101FC27E4D18B00966779 /* Debug */ = {
			isa = XCBuildConfiguration;
			buildSettings = {
				ASSETCATALOG_COMPILER_APPICON_NAME = AppIcon;
				ASSETCATALOG_COMPILER_GLOBAL_ACCENT_COLOR_NAME = AccentColor;
				CODE_SIGN_STYLE = Automatic;
				CURRENT_PROJECT_VERSION = 1;
				DEVELOPMENT_TEAM = WV6JL844FV;
				GENERATE_INFOPLIST_FILE = YES;
				INFOPLIST_FILE = RijksMuseum/Info.plist;
				INFOPLIST_KEY_UIApplicationSupportsIndirectInputEvents = YES;
				INFOPLIST_KEY_UILaunchStoryboardName = LaunchScreen;
				INFOPLIST_KEY_UISupportedInterfaceOrientations_iPad = "UIInterfaceOrientationPortrait UIInterfaceOrientationPortraitUpsideDown UIInterfaceOrientationLandscapeLeft UIInterfaceOrientationLandscapeRight";
				INFOPLIST_KEY_UISupportedInterfaceOrientations_iPhone = "UIInterfaceOrientationPortrait UIInterfaceOrientationLandscapeLeft UIInterfaceOrientationLandscapeRight";
				LD_RUNPATH_SEARCH_PATHS = (
					"$(inherited)",
					"@executable_path/Frameworks",
				);
				MARKETING_VERSION = 1.0;
				PRODUCT_BUNDLE_IDENTIFIER = dimo.hamdy.RijksMuseum;
				PRODUCT_NAME = "$(TARGET_NAME)";
				SWIFT_EMIT_LOC_STRINGS = YES;
				SWIFT_VERSION = 5.0;
				TARGETED_DEVICE_FAMILY = "1,2";
			};
			name = Debug;
		};
		04E101FD27E4D18B00966779 /* Release */ = {
			isa = XCBuildConfiguration;
			buildSettings = {
				ASSETCATALOG_COMPILER_APPICON_NAME = AppIcon;
				ASSETCATALOG_COMPILER_GLOBAL_ACCENT_COLOR_NAME = AccentColor;
				CODE_SIGN_STYLE = Automatic;
				CURRENT_PROJECT_VERSION = 1;
				DEVELOPMENT_TEAM = WV6JL844FV;
				GENERATE_INFOPLIST_FILE = YES;
				INFOPLIST_FILE = RijksMuseum/Info.plist;
				INFOPLIST_KEY_UIApplicationSupportsIndirectInputEvents = YES;
				INFOPLIST_KEY_UILaunchStoryboardName = LaunchScreen;
				INFOPLIST_KEY_UISupportedInterfaceOrientations_iPad = "UIInterfaceOrientationPortrait UIInterfaceOrientationPortraitUpsideDown UIInterfaceOrientationLandscapeLeft UIInterfaceOrientationLandscapeRight";
				INFOPLIST_KEY_UISupportedInterfaceOrientations_iPhone = "UIInterfaceOrientationPortrait UIInterfaceOrientationLandscapeLeft UIInterfaceOrientationLandscapeRight";
				LD_RUNPATH_SEARCH_PATHS = (
					"$(inherited)",
					"@executable_path/Frameworks",
				);
				MARKETING_VERSION = 1.0;
				PRODUCT_BUNDLE_IDENTIFIER = dimo.hamdy.RijksMuseum;
				PRODUCT_NAME = "$(TARGET_NAME)";
				SWIFT_EMIT_LOC_STRINGS = YES;
				SWIFT_VERSION = 5.0;
				TARGETED_DEVICE_FAMILY = "1,2";
			};
			name = Release;
		};
		04E101FF27E4D18B00966779 /* Debug */ = {
			isa = XCBuildConfiguration;
			buildSettings = {
				ALWAYS_EMBED_SWIFT_STANDARD_LIBRARIES = YES;
				BUNDLE_LOADER = "$(TEST_HOST)";
				CODE_SIGN_STYLE = Automatic;
				CURRENT_PROJECT_VERSION = 1;
				DEVELOPMENT_TEAM = WV6JL844FV;
				GENERATE_INFOPLIST_FILE = YES;
				IPHONEOS_DEPLOYMENT_TARGET = 15.4;
				MARKETING_VERSION = 1.0;
				PRODUCT_BUNDLE_IDENTIFIER = dimo.hamdy.RijksMuseumTests;
				PRODUCT_NAME = "$(TARGET_NAME)";
				SWIFT_EMIT_LOC_STRINGS = NO;
				SWIFT_VERSION = 5.0;
				TARGETED_DEVICE_FAMILY = "1,2";
				TEST_HOST = "$(BUILT_PRODUCTS_DIR)/RijksMuseum.app/RijksMuseum";
			};
			name = Debug;
		};
		04E1020027E4D18B00966779 /* Release */ = {
			isa = XCBuildConfiguration;
			buildSettings = {
				ALWAYS_EMBED_SWIFT_STANDARD_LIBRARIES = YES;
				BUNDLE_LOADER = "$(TEST_HOST)";
				CODE_SIGN_STYLE = Automatic;
				CURRENT_PROJECT_VERSION = 1;
				DEVELOPMENT_TEAM = WV6JL844FV;
				GENERATE_INFOPLIST_FILE = YES;
				IPHONEOS_DEPLOYMENT_TARGET = 15.4;
				MARKETING_VERSION = 1.0;
				PRODUCT_BUNDLE_IDENTIFIER = dimo.hamdy.RijksMuseumTests;
				PRODUCT_NAME = "$(TARGET_NAME)";
				SWIFT_EMIT_LOC_STRINGS = NO;
				SWIFT_VERSION = 5.0;
				TARGETED_DEVICE_FAMILY = "1,2";
				TEST_HOST = "$(BUILT_PRODUCTS_DIR)/RijksMuseum.app/RijksMuseum";
			};
			name = Release;
		};
		04E1020227E4D18B00966779 /* Debug */ = {
			isa = XCBuildConfiguration;
			buildSettings = {
				ALWAYS_EMBED_SWIFT_STANDARD_LIBRARIES = YES;
				CODE_SIGN_STYLE = Automatic;
				CURRENT_PROJECT_VERSION = 1;
				DEVELOPMENT_TEAM = WV6JL844FV;
				GENERATE_INFOPLIST_FILE = YES;
				MARKETING_VERSION = 1.0;
				PRODUCT_BUNDLE_IDENTIFIER = dimo.hamdy.RijksMuseumUITests;
				PRODUCT_NAME = "$(TARGET_NAME)";
				SWIFT_EMIT_LOC_STRINGS = NO;
				SWIFT_VERSION = 5.0;
				TARGETED_DEVICE_FAMILY = "1,2";
				TEST_TARGET_NAME = RijksMuseum;
			};
			name = Debug;
		};
		04E1020327E4D18B00966779 /* Release */ = {
			isa = XCBuildConfiguration;
			buildSettings = {
				ALWAYS_EMBED_SWIFT_STANDARD_LIBRARIES = YES;
				CODE_SIGN_STYLE = Automatic;
				CURRENT_PROJECT_VERSION = 1;
				DEVELOPMENT_TEAM = WV6JL844FV;
				GENERATE_INFOPLIST_FILE = YES;
				MARKETING_VERSION = 1.0;
				PRODUCT_BUNDLE_IDENTIFIER = dimo.hamdy.RijksMuseumUITests;
				PRODUCT_NAME = "$(TARGET_NAME)";
				SWIFT_EMIT_LOC_STRINGS = NO;
				SWIFT_VERSION = 5.0;
				TARGETED_DEVICE_FAMILY = "1,2";
				TEST_TARGET_NAME = RijksMuseum;
			};
			name = Release;
		};
/* End XCBuildConfiguration section */

/* Begin XCConfigurationList section */
		04E101CC27E4D18800966779 /* Build configuration list for PBXProject "RijksMuseum" */ = {
			isa = XCConfigurationList;
			buildConfigurations = (
				04E101F927E4D18B00966779 /* Debug */,
				04E101FA27E4D18B00966779 /* Release */,
			);
			defaultConfigurationIsVisible = 0;
			defaultConfigurationName = Release;
		};
		04E101FB27E4D18B00966779 /* Build configuration list for PBXNativeTarget "RijksMuseum" */ = {
			isa = XCConfigurationList;
			buildConfigurations = (
				04E101FC27E4D18B00966779 /* Debug */,
				04E101FD27E4D18B00966779 /* Release */,
			);
			defaultConfigurationIsVisible = 0;
			defaultConfigurationName = Release;
		};
		04E101FE27E4D18B00966779 /* Build configuration list for PBXNativeTarget "RijksMuseumTests" */ = {
			isa = XCConfigurationList;
			buildConfigurations = (
				04E101FF27E4D18B00966779 /* Debug */,
				04E1020027E4D18B00966779 /* Release */,
			);
			defaultConfigurationIsVisible = 0;
			defaultConfigurationName = Release;
		};
		04E1020127E4D18B00966779 /* Build configuration list for PBXNativeTarget "RijksMuseumUITests" */ = {
			isa = XCConfigurationList;
			buildConfigurations = (
				04E1020227E4D18B00966779 /* Debug */,
				04E1020327E4D18B00966779 /* Release */,
			);
			defaultConfigurationIsVisible = 0;
			defaultConfigurationName = Release;
		};
/* End XCConfigurationList section */

/* Begin XCRemoteSwiftPackageReference section */
		04E1025827E5244000966779 /* XCRemoteSwiftPackageReference "Kingfisher" */ = {
			isa = XCRemoteSwiftPackageReference;
			repositoryURL = "https://github.com/onevcat/Kingfisher.git";
			requirement = {
				branch = master;
				kind = branch;
			};
		};
/* End XCRemoteSwiftPackageReference section */

/* Begin XCSwiftPackageProductDependency section */
		04E1025927E5244000966779 /* Kingfisher */ = {
			isa = XCSwiftPackageProductDependency;
			package = 04E1025827E5244000966779 /* XCRemoteSwiftPackageReference "Kingfisher" */;
			productName = Kingfisher;
		};
/* End XCSwiftPackageProductDependency section */
	};
	rootObject = 04E101C927E4D18800966779 /* Project object */;
}
