// !$*UTF8*$!
{
	archiveVersion = 1;
	classes = {
	};
	objectVersion = 55;
	objects = {

/* Begin PBXBuildFile section */
		0432B03F27E9F7B400FB63D9 /* PageHeaderCollectionCell.swift in Sources */ = {isa = PBXBuildFile; fileRef = 0432B03E27E9F7B400FB63D9 /* PageHeaderCollectionCell.swift */; };
		04E101D527E4D18800966779 /* AppDelegate.swift in Sources */ = {isa = PBXBuildFile; fileRef = 04E101D427E4D18800966779 /* AppDelegate.swift */; };
		04E101D727E4D18800966779 /* SceneDelegate.swift in Sources */ = {isa = PBXBuildFile; fileRef = 04E101D627E4D18800966779 /* SceneDelegate.swift */; };
		04E101DE27E4D18B00966779 /* Assets.xcassets in Resources */ = {isa = PBXBuildFile; fileRef = 04E101DD27E4D18B00966779 /* Assets.xcassets */; };
		04E101E127E4D18B00966779 /* LaunchScreen.storyboard in Resources */ = {isa = PBXBuildFile; fileRef = 04E101DF27E4D18B00966779 /* LaunchScreen.storyboard */; };
		04E101F827E4D18B00966779 /* RijksMuseumUITestsLaunchTests.swift in Sources */ = {isa = PBXBuildFile; fileRef = 04E101F727E4D18B00966779 /* RijksMuseumUITestsLaunchTests.swift */; };
		04E1020D27E4D1D700966779 /* RijksMuseumError.swift in Sources */ = {isa = PBXBuildFile; fileRef = 04E1020727E4D1D700966779 /* RijksMuseumError.swift */; };
		04E1020E27E4D1D700966779 /* WebArtObjectsRepository.swift in Sources */ = {isa = PBXBuildFile; fileRef = 04E1020927E4D1D700966779 /* WebArtObjectsRepository.swift */; };
		04E1020F27E4D1D700966779 /* ArtObjectsRepository.swift in Sources */ = {isa = PBXBuildFile; fileRef = 04E1020A27E4D1D700966779 /* ArtObjectsRepository.swift */; };
		04E1021027E4D1D700966779 /* APILinksFactory.swift in Sources */ = {isa = PBXBuildFile; fileRef = 04E1020B27E4D1D700966779 /* APILinksFactory.swift */; };
		04E1021427E4D23400966779 /* Strings.swift in Sources */ = {isa = PBXBuildFile; fileRef = 04E1021227E4D23400966779 /* Strings.swift */; };
		04E1021527E4D23400966779 /* Localizable.strings in Resources */ = {isa = PBXBuildFile; fileRef = 04E1021327E4D23400966779 /* Localizable.strings */; };
		04E1022127E4E9C000966779 /* ArtObject.swift in Sources */ = {isa = PBXBuildFile; fileRef = 04E1021B27E4E9C000966779 /* ArtObject.swift */; };
		04E1022327E4E9C000966779 /* ArtObjectCollectionResult.swift in Sources */ = {isa = PBXBuildFile; fileRef = 04E1021D27E4E9C000966779 /* ArtObjectCollectionResult.swift */; };
		04E1022627E4F4DD00966779 /* AppConstant.swift in Sources */ = {isa = PBXBuildFile; fileRef = 04E1022527E4F4DD00966779 /* AppConstant.swift */; };
		04E1023227E4F7B100966779 /* WebArtObjectsRepositoryTests.swift in Sources */ = {isa = PBXBuildFile; fileRef = 04E1022A27E4F7B100966779 /* WebArtObjectsRepositoryTests.swift */; };
		04E1023427E4F7B100966779 /* data_collection.json in Resources */ = {isa = PBXBuildFile; fileRef = 04E1022D27E4F7B100966779 /* data_collection.json */; };
		04E1023527E4F7B100966779 /* noData_collection.json in Resources */ = {isa = PBXBuildFile; fileRef = 04E1022E27E4F7B100966779 /* noData_collection.json */; };
		04E1023627E4F7B100966779 /* DataLoader.swift in Sources */ = {isa = PBXBuildFile; fileRef = 04E1022F27E4F7B100966779 /* DataLoader.swift */; };
		04E1023B27E4FB3B00966779 /* NotificationName.swift in Sources */ = {isa = PBXBuildFile; fileRef = 04E1023A27E4FB3A00966779 /* NotificationName.swift */; };
		04E1024827E5093200966779 /* ItemCollectionViewCellType.swift in Sources */ = {isa = PBXBuildFile; fileRef = 04E1023F27E5093200966779 /* ItemCollectionViewCellType.swift */; };
		04E1024927E5093200966779 /* PhotosCollectionViewDataSource.swift in Sources */ = {isa = PBXBuildFile; fileRef = 04E1024027E5093200966779 /* PhotosCollectionViewDataSource.swift */; };
		04E1024C27E5093200966779 /* PhotoCollectionCell.swift in Sources */ = {isa = PBXBuildFile; fileRef = 04E1024427E5093200966779 /* PhotoCollectionCell.swift */; };
		04E1024D27E5093200966779 /* PhotosListBuilder.swift in Sources */ = {isa = PBXBuildFile; fileRef = 04E1024527E5093200966779 /* PhotosListBuilder.swift */; };
		04E1024E27E5093200966779 /* PhotosListViewModel.swift in Sources */ = {isa = PBXBuildFile; fileRef = 04E1024627E5093200966779 /* PhotosListViewModel.swift */; };
		04E1024F27E5093200966779 /* PhotosListViewController.swift in Sources */ = {isa = PBXBuildFile; fileRef = 04E1024727E5093200966779 /* PhotosListViewController.swift */; };
		04E1025127E5199C00966779 /* UICollectionView+ReusableCell.swift in Sources */ = {isa = PBXBuildFile; fileRef = 04E1025027E5199C00966779 /* UICollectionView+ReusableCell.swift */; };
		04E1025527E51CFC00966779 /* UIImageView+DownloadImage.swift in Sources */ = {isa = PBXBuildFile; fileRef = 04E1025227E51CFC00966779 /* UIImageView+DownloadImage.swift */; };
		04E1025627E51CFC00966779 /* UIView+Loading.swift in Sources */ = {isa = PBXBuildFile; fileRef = 04E1025327E51CFC00966779 /* UIView+Loading.swift */; };
		04E1025727E51CFC00966779 /* UICollectionView+EmptyState.swift in Sources */ = {isa = PBXBuildFile; fileRef = 04E1025427E51CFC00966779 /* UICollectionView+EmptyState.swift */; };
		04E1025A27E5244000966779 /* Kingfisher in Frameworks */ = {isa = PBXBuildFile; productRef = 04E1025927E5244000966779 /* Kingfisher */; };
		04E1025E27E5266600966779 /* BaseViewModelIO.swift in Sources */ = {isa = PBXBuildFile; fileRef = 04E1025C27E5266600966779 /* BaseViewModelIO.swift */; };
		04E1025F27E5266600966779 /* CellReusable.swift in Sources */ = {isa = PBXBuildFile; fileRef = 04E1025D27E5266600966779 /* CellReusable.swift */; };
		04E1026227E526A700966779 /* EmptyPlaceHolderView.swift in Sources */ = {isa = PBXBuildFile; fileRef = 04E1026127E526A700966779 /* EmptyPlaceHolderView.swift */; };
		04E1026427E531E100966779 /* WebImage.swift in Sources */ = {isa = PBXBuildFile; fileRef = 04E1026327E531E100966779 /* WebImage.swift */; };
		04E1026627E54DFF00966779 /* EntryPoint.swift in Sources */ = {isa = PBXBuildFile; fileRef = 04E1026527E54DFF00966779 /* EntryPoint.swift */; };
		04E1028227E7404F00966779 /* PhotoDetailsTableViewDataSource.swift in Sources */ = {isa = PBXBuildFile; fileRef = 04E1027827E7404F00966779 /* PhotoDetailsTableViewDataSource.swift */; };
		04E1028327E7404F00966779 /* PhotoDetailsViewModel.swift in Sources */ = {isa = PBXBuildFile; fileRef = 04E1027927E7404F00966779 /* PhotoDetailsViewModel.swift */; };
		04E1028427E7404F00966779 /* PhotoDetailsViewController.swift in Sources */ = {isa = PBXBuildFile; fileRef = 04E1027A27E7404F00966779 /* PhotoDetailsViewController.swift */; };
		04E1028927E7404F00966779 /* PhotoTableViewCell.swift in Sources */ = {isa = PBXBuildFile; fileRef = 04E1028027E7404F00966779 /* PhotoTableViewCell.swift */; };
		04E1028A27E7404F00966779 /* PhotoDetailsBuilder.swift in Sources */ = {isa = PBXBuildFile; fileRef = 04E1028127E7404F00966779 /* PhotoDetailsBuilder.swift */; };
		04E1028C27E74A3600966779 /* UIView+Padding.swift in Sources */ = {isa = PBXBuildFile; fileRef = 04E1028B27E74A3600966779 /* UIView+Padding.swift */; };
		04E1028E27E751D700966779 /* DetailsTableViewCell.swift in Sources */ = {isa = PBXBuildFile; fileRef = 04E1028D27E751D700966779 /* DetailsTableViewCell.swift */; };
		04E1029027E7652A00966779 /* UITableView+Extension.swift in Sources */ = {isa = PBXBuildFile; fileRef = 04E1028F27E7652A00966779 /* UITableView+Extension.swift */; };
		04E1029227E79ABD00966779 /* ArtObjectDetailsResult.swift in Sources */ = {isa = PBXBuildFile; fileRef = 04E1029127E79ABD00966779 /* ArtObjectDetailsResult.swift */; };
		04E1029427E79B0300966779 /* ArtObjectDetails.swift in Sources */ = {isa = PBXBuildFile; fileRef = 04E1029327E79B0300966779 /* ArtObjectDetails.swift */; };
		04E1029627E7B74D00966779 /* PhotoListRouter.swift in Sources */ = {isa = PBXBuildFile; fileRef = 04E1029527E7B74D00966779 /* PhotoListRouter.swift */; };
		04E103A927E8B5F600966779 /* UIImageViewDownloadImageTests.swift in Sources */ = {isa = PBXBuildFile; fileRef = 04E103A327E8B5F600966779 /* UIImageViewDownloadImageTests.swift */; };
		04E103AA27E8B5F600966779 /* UIView+LoadingTests.swift in Sources */ = {isa = PBXBuildFile; fileRef = 04E103A427E8B5F600966779 /* UIView+LoadingTests.swift */; };
		04E103AB27E8B5F600966779 /* PhotoTests.swift in Sources */ = {isa = PBXBuildFile; fileRef = 04E103A527E8B5F600966779 /* PhotoTests.swift */; };
		04E103AC27E8B5F600966779 /* PhotosListViewControllerTests.swift in Sources */ = {isa = PBXBuildFile; fileRef = 04E103A627E8B5F600966779 /* PhotosListViewControllerTests.swift */; };
		04E103AD27E8B5F600966779 /* EmptyPlaceHolderViewTests.swift in Sources */ = {isa = PBXBuildFile; fileRef = 04E103A727E8B5F600966779 /* EmptyPlaceHolderViewTests.swift */; };
		04E103AE27E8B5F600966779 /* PhotosListViewModelTests.swift in Sources */ = {isa = PBXBuildFile; fileRef = 04E103A827E8B5F600966779 /* PhotosListViewModelTests.swift */; };
		04E103B027E8BF4B00966779 /* ArtObject.json in Resources */ = {isa = PBXBuildFile; fileRef = 04E103AF27E8BF4B00966779 /* ArtObject.json */; };
		04E103B627E8CB3F00966779 /* PhotoDetailsViewModelTests.swift in Sources */ = {isa = PBXBuildFile; fileRef = 04E103B427E8CB3F00966779 /* PhotoDetailsViewModelTests.swift */; };
		04E103B727E8CB3F00966779 /* PhotoDetailsViewControllerTests.swift in Sources */ = {isa = PBXBuildFile; fileRef = 04E103B527E8CB3F00966779 /* PhotoDetailsViewControllerTests.swift */; };
		04E103B927E8CF7900966779 /* ArtObjectDetailsResult.json in Resources */ = {isa = PBXBuildFile; fileRef = 04E103B827E8CF7900966779 /* ArtObjectDetailsResult.json */; };
		332305732A57767C0086A32F /* NWPathMonitor+Combine.swift in Sources */ = {isa = PBXBuildFile; fileRef = 332305722A57767C0086A32F /* NWPathMonitor+Combine.swift */; };
		332305762A5798630086A32F /* NetworkMock.swift in Sources */ = {isa = PBXBuildFile; fileRef = 332305742A5798630086A32F /* NetworkMock.swift */; };
		332305772A5798630086A32F /* MockReachability.swift in Sources */ = {isa = PBXBuildFile; fileRef = 332305752A5798630086A32F /* MockReachability.swift */; };
		332305782A58B1180086A32F /* noData_ArtObjectDetailsResult.json in Resources */ = {isa = PBXBuildFile; fileRef = 33BC40702A54F56C00142514 /* noData_ArtObjectDetailsResult.json */; };
		3323057D2A595E520086A32F /* SwiftMessages in Frameworks */ = {isa = PBXBuildFile; productRef = 3323057C2A595E520086A32F /* SwiftMessages */; };
		3349C9A22A4E0CD8005A244A /* AccessibilityIdentifiers.swift in Sources */ = {isa = PBXBuildFile; fileRef = 3349C9A12A4E0CD8005A244A /* AccessibilityIdentifiers.swift */; };
		3349C9A62A4E0CE5005A244A /* Reachability.swift in Sources */ = {isa = PBXBuildFile; fileRef = 3349C9A42A4E0CE5005A244A /* Reachability.swift */; };
		3349C9A72A4E0CE5005A244A /* MemoryMonitor.swift in Sources */ = {isa = PBXBuildFile; fileRef = 3349C9A52A4E0CE5005A244A /* MemoryMonitor.swift */; };
		3349C9AD2A4E0D35005A244A /* RijksMuseumUITests.swift in Sources */ = {isa = PBXBuildFile; fileRef = 3349C9A92A4E0D35005A244A /* RijksMuseumUITests.swift */; };
		3349C9AF2A4E0D35005A244A /* NativeMockServer.swift in Sources */ = {isa = PBXBuildFile; fileRef = 3349C9AB2A4E0D35005A244A /* NativeMockServer.swift */; };
		3349C9B42A4E4343005A244A /* ProxyLogger.swift in Sources */ = {isa = PBXBuildFile; fileRef = 3349C9B12A4E4343005A244A /* ProxyLogger.swift */; };
		3349C9B52A4E4343005A244A /* LogLevel.swift in Sources */ = {isa = PBXBuildFile; fileRef = 3349C9B22A4E4343005A244A /* LogLevel.swift */; };
		3349C9B62A4E4343005A244A /* LoggerProtocol.swift in Sources */ = {isa = PBXBuildFile; fileRef = 3349C9B32A4E4343005A244A /* LoggerProtocol.swift */; };
		3349C9BA2A4EB328005A244A /* APIClient.swift in Sources */ = {isa = PBXBuildFile; fileRef = 3349C9B92A4EB328005A244A /* APIClient.swift */; };
		3349C9C02A4EC10B005A244A /* PhotosListUseCase.swift in Sources */ = {isa = PBXBuildFile; fileRef = 3349C9BF2A4EC10B005A244A /* PhotosListUseCase.swift */; };
		3349C9C22A4ED873005A244A /* ListViewModelState.swift in Sources */ = {isa = PBXBuildFile; fileRef = 3349C9C12A4ED873005A244A /* ListViewModelState.swift */; };
		336821882A54A0F10077993A /* XCTestCase+AsyncTest.swift in Sources */ = {isa = PBXBuildFile; fileRef = 336821872A54A0F10077993A /* XCTestCase+AsyncTest.swift */; };
		336E37872A509F3D00132FD7 /* noData_collection.json in Resources */ = {isa = PBXBuildFile; fileRef = 04E1022E27E4F7B100966779 /* noData_collection.json */; };
		336E37882A509F3D00132FD7 /* ArtObjectDetailsResult.json in Resources */ = {isa = PBXBuildFile; fileRef = 04E103B827E8CF7900966779 /* ArtObjectDetailsResult.json */; };
		336E37892A509F3D00132FD7 /* ArtObject.json in Resources */ = {isa = PBXBuildFile; fileRef = 04E103AF27E8BF4B00966779 /* ArtObject.json */; };
		336E378A2A509F3D00132FD7 /* data_collection.json in Resources */ = {isa = PBXBuildFile; fileRef = 04E1022D27E4F7B100966779 /* data_collection.json */; };
		336E378D2A50FE7500132FD7 /* Swifter in Frameworks */ = {isa = PBXBuildFile; productRef = 336E378C2A50FE7500132FD7 /* Swifter */; };
		336E37902A5103BC00132FD7 /* Extensions.swift in Sources */ = {isa = PBXBuildFile; fileRef = 336E378E2A5103BC00132FD7 /* Extensions.swift */; };
		336E379D2A51D70400132FD7 /* PhotosListViewControllerSnapshotTests.swift in Sources */ = {isa = PBXBuildFile; fileRef = 336E37922A51D70400132FD7 /* PhotosListViewControllerSnapshotTests.swift */; };
		336E37A72A51D73B00132FD7 /* SnapshotTesting in Frameworks */ = {isa = PBXBuildFile; productRef = 336E37A62A51D73B00132FD7 /* SnapshotTesting */; };
		336E37A92A51D80F00132FD7 /* PhotoDetailsViewControllerSnapshotTests.swift in Sources */ = {isa = PBXBuildFile; fileRef = 336E37A82A51D80F00132FD7 /* PhotoDetailsViewControllerSnapshotTests.swift */; };
		336E37AD2A51DFF700132FD7 /* MockDataMoviesRepository.swift in Sources */ = {isa = PBXBuildFile; fileRef = 336E37AB2A51DFF700132FD7 /* MockDataMoviesRepository.swift */; };
		336E37AE2A51DFF700132FD7 /* MockNoDataMoviesRepository.swift in Sources */ = {isa = PBXBuildFile; fileRef = 336E37AC2A51DFF700132FD7 /* MockNoDataMoviesRepository.swift */; };
		336E37AF2A51E70C00132FD7 /* AccessibilityIdentifiers.swift in Sources */ = {isa = PBXBuildFile; fileRef = 3349C9A12A4E0CD8005A244A /* AccessibilityIdentifiers.swift */; };
		336E37B02A51E70D00132FD7 /* AccessibilityIdentifiers.swift in Sources */ = {isa = PBXBuildFile; fileRef = 3349C9A12A4E0CD8005A244A /* AccessibilityIdentifiers.swift */; };
		336E37B22A52282D00132FD7 /* PhotoDetailsUseCase.swift in Sources */ = {isa = PBXBuildFile; fileRef = 336E37B12A52282D00132FD7 /* PhotoDetailsUseCase.swift */; };
		33BC40712A54F56C00142514 /* noData_ArtObjectDetailsResult.json in Resources */ = {isa = PBXBuildFile; fileRef = 33BC40702A54F56C00142514 /* noData_ArtObjectDetailsResult.json */; };
/* End PBXBuildFile section */

/* Begin PBXContainerItemProxy section */
		04E101E827E4D18B00966779 /* PBXContainerItemProxy */ = {
			isa = PBXContainerItemProxy;
			containerPortal = 04E101C927E4D18800966779 /* Project object */;
			proxyType = 1;
			remoteGlobalIDString = 04E101D027E4D18800966779;
			remoteInfo = RijksMuseum;
		};
		04E101F227E4D18B00966779 /* PBXContainerItemProxy */ = {
			isa = PBXContainerItemProxy;
			containerPortal = 04E101C927E4D18800966779 /* Project object */;
			proxyType = 1;
			remoteGlobalIDString = 04E101D027E4D18800966779;
			remoteInfo = RijksMuseum;
		};
/* End PBXContainerItemProxy section */

/* Begin PBXFileReference section */
		0432B03E27E9F7B400FB63D9 /* PageHeaderCollectionCell.swift */ = {isa = PBXFileReference; fileEncoding = 4; lastKnownFileType = sourcecode.swift; path = PageHeaderCollectionCell.swift; sourceTree = "<group>"; };
		04E101D127E4D18800966779 /* RijksMuseum.app */ = {isa = PBXFileReference; explicitFileType = wrapper.application; includeInIndex = 0; path = RijksMuseum.app; sourceTree = BUILT_PRODUCTS_DIR; };
		04E101D427E4D18800966779 /* AppDelegate.swift */ = {isa = PBXFileReference; lastKnownFileType = sourcecode.swift; path = AppDelegate.swift; sourceTree = "<group>"; };
		04E101D627E4D18800966779 /* SceneDelegate.swift */ = {isa = PBXFileReference; lastKnownFileType = sourcecode.swift; path = SceneDelegate.swift; sourceTree = "<group>"; };
		04E101DD27E4D18B00966779 /* Assets.xcassets */ = {isa = PBXFileReference; lastKnownFileType = folder.assetcatalog; path = Assets.xcassets; sourceTree = "<group>"; };
		04E101E027E4D18B00966779 /* Base */ = {isa = PBXFileReference; lastKnownFileType = file.storyboard; name = Base; path = Base.lproj/LaunchScreen.storyboard; sourceTree = "<group>"; };
		04E101E227E4D18B00966779 /* Info.plist */ = {isa = PBXFileReference; lastKnownFileType = text.plist.xml; path = Info.plist; sourceTree = "<group>"; };
		04E101E727E4D18B00966779 /* RijksMuseumTests.xctest */ = {isa = PBXFileReference; explicitFileType = wrapper.cfbundle; includeInIndex = 0; path = RijksMuseumTests.xctest; sourceTree = BUILT_PRODUCTS_DIR; };
		04E101F127E4D18B00966779 /* RijksMuseumUITests.xctest */ = {isa = PBXFileReference; explicitFileType = wrapper.cfbundle; includeInIndex = 0; path = RijksMuseumUITests.xctest; sourceTree = BUILT_PRODUCTS_DIR; };
		04E101F727E4D18B00966779 /* RijksMuseumUITestsLaunchTests.swift */ = {isa = PBXFileReference; lastKnownFileType = sourcecode.swift; path = RijksMuseumUITestsLaunchTests.swift; sourceTree = "<group>"; };
		04E1020727E4D1D700966779 /* RijksMuseumError.swift */ = {isa = PBXFileReference; fileEncoding = 4; lastKnownFileType = sourcecode.swift; path = RijksMuseumError.swift; sourceTree = "<group>"; };
		04E1020927E4D1D700966779 /* WebArtObjectsRepository.swift */ = {isa = PBXFileReference; fileEncoding = 4; lastKnownFileType = sourcecode.swift; path = WebArtObjectsRepository.swift; sourceTree = "<group>"; };
		04E1020A27E4D1D700966779 /* ArtObjectsRepository.swift */ = {isa = PBXFileReference; fileEncoding = 4; lastKnownFileType = sourcecode.swift; path = ArtObjectsRepository.swift; sourceTree = "<group>"; };
		04E1020B27E4D1D700966779 /* APILinksFactory.swift */ = {isa = PBXFileReference; fileEncoding = 4; lastKnownFileType = sourcecode.swift; path = APILinksFactory.swift; sourceTree = "<group>"; };
		04E1021227E4D23400966779 /* Strings.swift */ = {isa = PBXFileReference; fileEncoding = 4; lastKnownFileType = sourcecode.swift; path = Strings.swift; sourceTree = "<group>"; };
		04E1021327E4D23400966779 /* Localizable.strings */ = {isa = PBXFileReference; fileEncoding = 4; lastKnownFileType = text.plist.strings; path = Localizable.strings; sourceTree = "<group>"; };
		04E1021B27E4E9C000966779 /* ArtObject.swift */ = {isa = PBXFileReference; fileEncoding = 4; lastKnownFileType = sourcecode.swift; path = ArtObject.swift; sourceTree = "<group>"; };
		04E1021D27E4E9C000966779 /* ArtObjectCollectionResult.swift */ = {isa = PBXFileReference; fileEncoding = 4; lastKnownFileType = sourcecode.swift; path = ArtObjectCollectionResult.swift; sourceTree = "<group>"; };
		04E1022527E4F4DD00966779 /* AppConstant.swift */ = {isa = PBXFileReference; fileEncoding = 4; lastKnownFileType = sourcecode.swift; path = AppConstant.swift; sourceTree = "<group>"; };
		04E1022A27E4F7B100966779 /* WebArtObjectsRepositoryTests.swift */ = {isa = PBXFileReference; fileEncoding = 4; lastKnownFileType = sourcecode.swift; path = WebArtObjectsRepositoryTests.swift; sourceTree = "<group>"; };
		04E1022D27E4F7B100966779 /* data_collection.json */ = {isa = PBXFileReference; fileEncoding = 4; lastKnownFileType = text.json; path = data_collection.json; sourceTree = "<group>"; };
		04E1022E27E4F7B100966779 /* noData_collection.json */ = {isa = PBXFileReference; fileEncoding = 4; lastKnownFileType = text.json; path = noData_collection.json; sourceTree = "<group>"; };
		04E1022F27E4F7B100966779 /* DataLoader.swift */ = {isa = PBXFileReference; fileEncoding = 4; lastKnownFileType = sourcecode.swift; path = DataLoader.swift; sourceTree = "<group>"; };
		04E1023A27E4FB3A00966779 /* NotificationName.swift */ = {isa = PBXFileReference; fileEncoding = 4; lastKnownFileType = sourcecode.swift; path = NotificationName.swift; sourceTree = "<group>"; };
		04E1023F27E5093200966779 /* ItemCollectionViewCellType.swift */ = {isa = PBXFileReference; fileEncoding = 4; lastKnownFileType = sourcecode.swift; path = ItemCollectionViewCellType.swift; sourceTree = "<group>"; };
		04E1024027E5093200966779 /* PhotosCollectionViewDataSource.swift */ = {isa = PBXFileReference; fileEncoding = 4; lastKnownFileType = sourcecode.swift; path = PhotosCollectionViewDataSource.swift; sourceTree = "<group>"; };
		04E1024427E5093200966779 /* PhotoCollectionCell.swift */ = {isa = PBXFileReference; fileEncoding = 4; lastKnownFileType = sourcecode.swift; path = PhotoCollectionCell.swift; sourceTree = "<group>"; };
		04E1024527E5093200966779 /* PhotosListBuilder.swift */ = {isa = PBXFileReference; fileEncoding = 4; lastKnownFileType = sourcecode.swift; path = PhotosListBuilder.swift; sourceTree = "<group>"; };
		04E1024627E5093200966779 /* PhotosListViewModel.swift */ = {isa = PBXFileReference; fileEncoding = 4; lastKnownFileType = sourcecode.swift; path = PhotosListViewModel.swift; sourceTree = "<group>"; };
		04E1024727E5093200966779 /* PhotosListViewController.swift */ = {isa = PBXFileReference; fileEncoding = 4; lastKnownFileType = sourcecode.swift; path = PhotosListViewController.swift; sourceTree = "<group>"; };
		04E1025027E5199C00966779 /* UICollectionView+ReusableCell.swift */ = {isa = PBXFileReference; fileEncoding = 4; lastKnownFileType = sourcecode.swift; path = "UICollectionView+ReusableCell.swift"; sourceTree = "<group>"; };
		04E1025227E51CFC00966779 /* UIImageView+DownloadImage.swift */ = {isa = PBXFileReference; fileEncoding = 4; lastKnownFileType = sourcecode.swift; path = "UIImageView+DownloadImage.swift"; sourceTree = "<group>"; };
		04E1025327E51CFC00966779 /* UIView+Loading.swift */ = {isa = PBXFileReference; fileEncoding = 4; lastKnownFileType = sourcecode.swift; path = "UIView+Loading.swift"; sourceTree = "<group>"; };
		04E1025427E51CFC00966779 /* UICollectionView+EmptyState.swift */ = {isa = PBXFileReference; fileEncoding = 4; lastKnownFileType = sourcecode.swift; path = "UICollectionView+EmptyState.swift"; sourceTree = "<group>"; };
		04E1025C27E5266600966779 /* BaseViewModelIO.swift */ = {isa = PBXFileReference; fileEncoding = 4; lastKnownFileType = sourcecode.swift; path = BaseViewModelIO.swift; sourceTree = "<group>"; };
		04E1025D27E5266600966779 /* CellReusable.swift */ = {isa = PBXFileReference; fileEncoding = 4; lastKnownFileType = sourcecode.swift; path = CellReusable.swift; sourceTree = "<group>"; };
		04E1026127E526A700966779 /* EmptyPlaceHolderView.swift */ = {isa = PBXFileReference; fileEncoding = 4; lastKnownFileType = sourcecode.swift; path = EmptyPlaceHolderView.swift; sourceTree = "<group>"; };
		04E1026327E531E100966779 /* WebImage.swift */ = {isa = PBXFileReference; lastKnownFileType = sourcecode.swift; path = WebImage.swift; sourceTree = "<group>"; };
		04E1026527E54DFF00966779 /* EntryPoint.swift */ = {isa = PBXFileReference; fileEncoding = 4; lastKnownFileType = sourcecode.swift; path = EntryPoint.swift; sourceTree = "<group>"; };
		04E1027827E7404F00966779 /* PhotoDetailsTableViewDataSource.swift */ = {isa = PBXFileReference; fileEncoding = 4; lastKnownFileType = sourcecode.swift; path = PhotoDetailsTableViewDataSource.swift; sourceTree = "<group>"; };
		04E1027927E7404F00966779 /* PhotoDetailsViewModel.swift */ = {isa = PBXFileReference; fileEncoding = 4; lastKnownFileType = sourcecode.swift; path = PhotoDetailsViewModel.swift; sourceTree = "<group>"; };
		04E1027A27E7404F00966779 /* PhotoDetailsViewController.swift */ = {isa = PBXFileReference; fileEncoding = 4; lastKnownFileType = sourcecode.swift; path = PhotoDetailsViewController.swift; sourceTree = "<group>"; };
		04E1028027E7404F00966779 /* PhotoTableViewCell.swift */ = {isa = PBXFileReference; fileEncoding = 4; lastKnownFileType = sourcecode.swift; path = PhotoTableViewCell.swift; sourceTree = "<group>"; };
		04E1028127E7404F00966779 /* PhotoDetailsBuilder.swift */ = {isa = PBXFileReference; fileEncoding = 4; lastKnownFileType = sourcecode.swift; path = PhotoDetailsBuilder.swift; sourceTree = "<group>"; };
		04E1028B27E74A3600966779 /* UIView+Padding.swift */ = {isa = PBXFileReference; lastKnownFileType = sourcecode.swift; path = "UIView+Padding.swift"; sourceTree = "<group>"; };
		04E1028D27E751D700966779 /* DetailsTableViewCell.swift */ = {isa = PBXFileReference; lastKnownFileType = sourcecode.swift; path = DetailsTableViewCell.swift; sourceTree = "<group>"; };
		04E1028F27E7652A00966779 /* UITableView+Extension.swift */ = {isa = PBXFileReference; fileEncoding = 4; lastKnownFileType = sourcecode.swift; path = "UITableView+Extension.swift"; sourceTree = "<group>"; };
		04E1029127E79ABD00966779 /* ArtObjectDetailsResult.swift */ = {isa = PBXFileReference; lastKnownFileType = sourcecode.swift; path = ArtObjectDetailsResult.swift; sourceTree = "<group>"; };
		04E1029327E79B0300966779 /* ArtObjectDetails.swift */ = {isa = PBXFileReference; lastKnownFileType = sourcecode.swift; path = ArtObjectDetails.swift; sourceTree = "<group>"; };
		04E1029527E7B74D00966779 /* PhotoListRouter.swift */ = {isa = PBXFileReference; fileEncoding = 4; lastKnownFileType = sourcecode.swift; path = PhotoListRouter.swift; sourceTree = "<group>"; };
		04E103A327E8B5F600966779 /* UIImageViewDownloadImageTests.swift */ = {isa = PBXFileReference; fileEncoding = 4; lastKnownFileType = sourcecode.swift; path = UIImageViewDownloadImageTests.swift; sourceTree = "<group>"; };
		04E103A427E8B5F600966779 /* UIView+LoadingTests.swift */ = {isa = PBXFileReference; fileEncoding = 4; lastKnownFileType = sourcecode.swift; path = "UIView+LoadingTests.swift"; sourceTree = "<group>"; };
		04E103A527E8B5F600966779 /* PhotoTests.swift */ = {isa = PBXFileReference; fileEncoding = 4; lastKnownFileType = sourcecode.swift; path = PhotoTests.swift; sourceTree = "<group>"; };
		04E103A627E8B5F600966779 /* PhotosListViewControllerTests.swift */ = {isa = PBXFileReference; fileEncoding = 4; lastKnownFileType = sourcecode.swift; path = PhotosListViewControllerTests.swift; sourceTree = "<group>"; };
		04E103A727E8B5F600966779 /* EmptyPlaceHolderViewTests.swift */ = {isa = PBXFileReference; fileEncoding = 4; lastKnownFileType = sourcecode.swift; path = EmptyPlaceHolderViewTests.swift; sourceTree = "<group>"; };
		04E103A827E8B5F600966779 /* PhotosListViewModelTests.swift */ = {isa = PBXFileReference; fileEncoding = 4; lastKnownFileType = sourcecode.swift; path = PhotosListViewModelTests.swift; sourceTree = "<group>"; };
		04E103AF27E8BF4B00966779 /* ArtObject.json */ = {isa = PBXFileReference; fileEncoding = 4; lastKnownFileType = text.json; path = ArtObject.json; sourceTree = "<group>"; };
		04E103B427E8CB3F00966779 /* PhotoDetailsViewModelTests.swift */ = {isa = PBXFileReference; fileEncoding = 4; lastKnownFileType = sourcecode.swift; path = PhotoDetailsViewModelTests.swift; sourceTree = "<group>"; };
		04E103B527E8CB3F00966779 /* PhotoDetailsViewControllerTests.swift */ = {isa = PBXFileReference; fileEncoding = 4; lastKnownFileType = sourcecode.swift; path = PhotoDetailsViewControllerTests.swift; sourceTree = "<group>"; };
		04E103B827E8CF7900966779 /* ArtObjectDetailsResult.json */ = {isa = PBXFileReference; fileEncoding = 4; lastKnownFileType = text.json; path = ArtObjectDetailsResult.json; sourceTree = "<group>"; };
		332305722A57767C0086A32F /* NWPathMonitor+Combine.swift */ = {isa = PBXFileReference; fileEncoding = 4; lastKnownFileType = sourcecode.swift; path = "NWPathMonitor+Combine.swift"; sourceTree = "<group>"; };
		332305742A5798630086A32F /* NetworkMock.swift */ = {isa = PBXFileReference; fileEncoding = 4; lastKnownFileType = sourcecode.swift; name = NetworkMock.swift; path = "../../../New Folder With Items/New Folder With Items 3/New Folder With Items 2/New Folder With Items/New Folder With Items 2/New Folder With Items/New Folder With Items 2/New Folder With Items/PostsList 2/PostsListTests/Mocker/NetworkMock.swift"; sourceTree = "<group>"; };
		332305752A5798630086A32F /* MockReachability.swift */ = {isa = PBXFileReference; fileEncoding = 4; lastKnownFileType = sourcecode.swift; name = MockReachability.swift; path = "../../../New Folder With Items/New Folder With Items 3/New Folder With Items 2/New Folder With Items/New Folder With Items 2/New Folder With Items/New Folder With Items 2/New Folder With Items/PostsList 2/PostsListTests/Mocker/MockReachability.swift"; sourceTree = "<group>"; };
		3349C9A12A4E0CD8005A244A /* AccessibilityIdentifiers.swift */ = {isa = PBXFileReference; fileEncoding = 4; lastKnownFileType = sourcecode.swift; path = AccessibilityIdentifiers.swift; sourceTree = "<group>"; };
		3349C9A42A4E0CE5005A244A /* Reachability.swift */ = {isa = PBXFileReference; fileEncoding = 4; lastKnownFileType = sourcecode.swift; path = Reachability.swift; sourceTree = "<group>"; };
		3349C9A52A4E0CE5005A244A /* MemoryMonitor.swift */ = {isa = PBXFileReference; fileEncoding = 4; lastKnownFileType = sourcecode.swift; path = MemoryMonitor.swift; sourceTree = "<group>"; };
		3349C9A92A4E0D35005A244A /* RijksMuseumUITests.swift */ = {isa = PBXFileReference; fileEncoding = 4; lastKnownFileType = sourcecode.swift; path = RijksMuseumUITests.swift; sourceTree = "<group>"; };
		3349C9AB2A4E0D35005A244A /* NativeMockServer.swift */ = {isa = PBXFileReference; fileEncoding = 4; lastKnownFileType = sourcecode.swift; path = NativeMockServer.swift; sourceTree = "<group>"; };
		3349C9B12A4E4343005A244A /* ProxyLogger.swift */ = {isa = PBXFileReference; fileEncoding = 4; lastKnownFileType = sourcecode.swift; path = ProxyLogger.swift; sourceTree = "<group>"; };
		3349C9B22A4E4343005A244A /* LogLevel.swift */ = {isa = PBXFileReference; fileEncoding = 4; lastKnownFileType = sourcecode.swift; path = LogLevel.swift; sourceTree = "<group>"; };
		3349C9B32A4E4343005A244A /* LoggerProtocol.swift */ = {isa = PBXFileReference; fileEncoding = 4; lastKnownFileType = sourcecode.swift; path = LoggerProtocol.swift; sourceTree = "<group>"; };
		3349C9B92A4EB328005A244A /* APIClient.swift */ = {isa = PBXFileReference; fileEncoding = 4; lastKnownFileType = sourcecode.swift; path = APIClient.swift; sourceTree = "<group>"; };
		3349C9BF2A4EC10B005A244A /* PhotosListUseCase.swift */ = {isa = PBXFileReference; fileEncoding = 4; lastKnownFileType = sourcecode.swift; path = PhotosListUseCase.swift; sourceTree = "<group>"; };
		3349C9C12A4ED873005A244A /* ListViewModelState.swift */ = {isa = PBXFileReference; fileEncoding = 4; lastKnownFileType = sourcecode.swift; path = ListViewModelState.swift; sourceTree = "<group>"; };
		336821872A54A0F10077993A /* XCTestCase+AsyncTest.swift */ = {isa = PBXFileReference; fileEncoding = 4; lastKnownFileType = sourcecode.swift; path = "XCTestCase+AsyncTest.swift"; sourceTree = "<group>"; };
		336E378E2A5103BC00132FD7 /* Extensions.swift */ = {isa = PBXFileReference; fileEncoding = 4; lastKnownFileType = sourcecode.swift; path = Extensions.swift; sourceTree = "<group>"; };
		336E37922A51D70400132FD7 /* PhotosListViewControllerSnapshotTests.swift */ = {isa = PBXFileReference; fileEncoding = 4; lastKnownFileType = sourcecode.swift; path = PhotosListViewControllerSnapshotTests.swift; sourceTree = "<group>"; };
		336E37A82A51D80F00132FD7 /* PhotoDetailsViewControllerSnapshotTests.swift */ = {isa = PBXFileReference; fileEncoding = 4; lastKnownFileType = sourcecode.swift; path = PhotoDetailsViewControllerSnapshotTests.swift; sourceTree = "<group>"; };
		336E37AB2A51DFF700132FD7 /* MockDataMoviesRepository.swift */ = {isa = PBXFileReference; fileEncoding = 4; lastKnownFileType = sourcecode.swift; path = MockDataMoviesRepository.swift; sourceTree = "<group>"; };
		336E37AC2A51DFF700132FD7 /* MockNoDataMoviesRepository.swift */ = {isa = PBXFileReference; fileEncoding = 4; lastKnownFileType = sourcecode.swift; path = MockNoDataMoviesRepository.swift; sourceTree = "<group>"; };
		336E37B12A52282D00132FD7 /* PhotoDetailsUseCase.swift */ = {isa = PBXFileReference; lastKnownFileType = sourcecode.swift; path = PhotoDetailsUseCase.swift; sourceTree = "<group>"; };
		33BC40702A54F56C00142514 /* noData_ArtObjectDetailsResult.json */ = {isa = PBXFileReference; fileEncoding = 4; lastKnownFileType = text.json; path = noData_ArtObjectDetailsResult.json; sourceTree = "<group>"; };
/* End PBXFileReference section */

/* Begin PBXFrameworksBuildPhase section */
		04E101CE27E4D18800966779 /* Frameworks */ = {
			isa = PBXFrameworksBuildPhase;
			buildActionMask = 2147483647;
			files = (
				3323057D2A595E520086A32F /* SwiftMessages in Frameworks */,
				04E1025A27E5244000966779 /* Kingfisher in Frameworks */,
			);
			runOnlyForDeploymentPostprocessing = 0;
		};
		04E101E427E4D18B00966779 /* Frameworks */ = {
			isa = PBXFrameworksBuildPhase;
			buildActionMask = 2147483647;
			files = (
				336E37A72A51D73B00132FD7 /* SnapshotTesting in Frameworks */,
			);
			runOnlyForDeploymentPostprocessing = 0;
		};
		04E101EE27E4D18B00966779 /* Frameworks */ = {
			isa = PBXFrameworksBuildPhase;
			buildActionMask = 2147483647;
			files = (
				336E378D2A50FE7500132FD7 /* Swifter in Frameworks */,
			);
			runOnlyForDeploymentPostprocessing = 0;
		};
/* End PBXFrameworksBuildPhase section */

/* Begin PBXGroup section */
		04E101C827E4D18800966779 = {
			isa = PBXGroup;
			children = (
				04E101D327E4D18800966779 /* RijksMuseum */,
				04E101EA27E4D18B00966779 /* RijksMuseumTests */,
				04E101F427E4D18B00966779 /* RijksMuseumUITests */,
				04E101D227E4D18800966779 /* Products */,
			);
			sourceTree = "<group>";
		};
		04E101D227E4D18800966779 /* Products */ = {
			isa = PBXGroup;
			children = (
				04E101D127E4D18800966779 /* RijksMuseum.app */,
				04E101E727E4D18B00966779 /* RijksMuseumTests.xctest */,
				04E101F127E4D18B00966779 /* RijksMuseumUITests.xctest */,
			);
			name = Products;
			sourceTree = "<group>";
		};
		04E101D327E4D18800966779 /* RijksMuseum */ = {
			isa = PBXGroup;
			children = (
				04E101D427E4D18800966779 /* AppDelegate.swift */,
				04E101D627E4D18800966779 /* SceneDelegate.swift */,
				04E1026527E54DFF00966779 /* EntryPoint.swift */,
				04E1022527E4F4DD00966779 /* AppConstant.swift */,
				04E1020727E4D1D700966779 /* RijksMuseumError.swift */,
				3349C9A12A4E0CD8005A244A /* AccessibilityIdentifiers.swift */,
				3349C9A32A4E0CE5005A244A /* Utils ⚙️ */,
				04E1023727E4FA8900966779 /* Extension */,
				04E1021827E4E9C000966779 /* Models */,
				04E1026027E526A700966779 /* SharedViews */,
				04E1025B27E5266600966779 /* Protocol */,
				04E1021127E4D23400966779 /* Strings */,
				04E1020427E4D1D700966779 /* DataAccessLayer */,
				04E1023C27E5093200966779 /* Scene */,
				04E101DD27E4D18B00966779 /* Assets.xcassets */,
				04E101DF27E4D18B00966779 /* LaunchScreen.storyboard */,
				04E101E227E4D18B00966779 /* Info.plist */,
			);
			path = RijksMuseum;
			sourceTree = "<group>";
		};
		04E101EA27E4D18B00966779 /* RijksMuseumTests */ = {
			isa = PBXGroup;
			children = (
				336821872A54A0F10077993A /* XCTestCase+AsyncTest.swift */,
				04E103BA27E8CFA500966779 /* MockedData */,
				04E1022C27E4F7B100966779 /* DataLoader */,
				04E1022727E4F7B000966779 /* Mocker */,
				04E1022A27E4F7B100966779 /* WebArtObjectsRepositoryTests.swift */,
				04E103A527E8B5F600966779 /* PhotoTests.swift */,
				04E103B127E8C9AD00966779 /* PhotosListTests */,
				04E103B327E8CA9700966779 /* PhotoDetailsTests */,
				04E103B227E8C9C300966779 /* ViewsTests */,
				336E37912A51D70400132FD7 /* SnapshotTests */,
			);
			path = RijksMuseumTests;
			sourceTree = "<group>";
		};
		04E101F427E4D18B00966779 /* RijksMuseumUITests */ = {
			isa = PBXGroup;
			children = (
				336E378E2A5103BC00132FD7 /* Extensions.swift */,
				3349C9A92A4E0D35005A244A /* RijksMuseumUITests.swift */,
				3349C9AB2A4E0D35005A244A /* NativeMockServer.swift */,
				04E101F727E4D18B00966779 /* RijksMuseumUITestsLaunchTests.swift */,
			);
			path = RijksMuseumUITests;
			sourceTree = "<group>";
		};
		04E1020427E4D1D700966779 /* DataAccessLayer */ = {
			isa = PBXGroup;
			children = (
				04E1020B27E4D1D700966779 /* APILinksFactory.swift */,
				3349C9B92A4EB328005A244A /* APIClient.swift */,
				04E1020827E4D1D700966779 /* ArtObjectsRepository */,
			);
			path = DataAccessLayer;
			sourceTree = "<group>";
		};
		04E1020827E4D1D700966779 /* ArtObjectsRepository */ = {
			isa = PBXGroup;
			children = (
				04E1020927E4D1D700966779 /* WebArtObjectsRepository.swift */,
				04E1020A27E4D1D700966779 /* ArtObjectsRepository.swift */,
			);
			path = ArtObjectsRepository;
			sourceTree = "<group>";
		};
		04E1021127E4D23400966779 /* Strings */ = {
			isa = PBXGroup;
			children = (
				04E1021227E4D23400966779 /* Strings.swift */,
				04E1021327E4D23400966779 /* Localizable.strings */,
			);
			path = Strings;
			sourceTree = "<group>";
		};
		04E1021827E4E9C000966779 /* Models */ = {
			isa = PBXGroup;
			children = (
				04E1021B27E4E9C000966779 /* ArtObject.swift */,
				04E1029327E79B0300966779 /* ArtObjectDetails.swift */,
				04E1029127E79ABD00966779 /* ArtObjectDetailsResult.swift */,
				04E1026327E531E100966779 /* WebImage.swift */,
				04E1021D27E4E9C000966779 /* ArtObjectCollectionResult.swift */,
			);
			path = Models;
			sourceTree = "<group>";
		};
		04E1022727E4F7B000966779 /* Mocker */ = {
			isa = PBXGroup;
			children = (
				332305752A5798630086A32F /* MockReachability.swift */,
				332305742A5798630086A32F /* NetworkMock.swift */,
				336E37AA2A51DFF700132FD7 /* MockNoCoreData */,
			);
			path = Mocker;
			sourceTree = "<group>";
		};
		04E1022C27E4F7B100966779 /* DataLoader */ = {
			isa = PBXGroup;
			children = (
				04E1022F27E4F7B100966779 /* DataLoader.swift */,
			);
			path = DataLoader;
			sourceTree = "<group>";
		};
		04E1023727E4FA8900966779 /* Extension */ = {
			isa = PBXGroup;
			children = (
				04E1023A27E4FB3A00966779 /* NotificationName.swift */,
				04E1025027E5199C00966779 /* UICollectionView+ReusableCell.swift */,
				04E1025427E51CFC00966779 /* UICollectionView+EmptyState.swift */,
				04E1025227E51CFC00966779 /* UIImageView+DownloadImage.swift */,
				04E1025327E51CFC00966779 /* UIView+Loading.swift */,
				04E1028B27E74A3600966779 /* UIView+Padding.swift */,
				04E1028F27E7652A00966779 /* UITableView+Extension.swift */,
			);
			path = Extension;
			sourceTree = "<group>";
		};
		04E1023C27E5093200966779 /* Scene */ = {
			isa = PBXGroup;
			children = (
				3349C9C12A4ED873005A244A /* ListViewModelState.swift */,
				04E1023D27E5093200966779 /* PhotosList */,
				04E1027627E7404F00966779 /* PhotoDetails */,
			);
			path = Scene;
			sourceTree = "<group>";
		};
		04E1023D27E5093200966779 /* PhotosList */ = {
			isa = PBXGroup;
			children = (
				04E1023E27E5093200966779 /* DataSource */,
				04E1024127E5093200966779 /* Cells */,
				3349C9BF2A4EC10B005A244A /* PhotosListUseCase.swift */,
				04E1024527E5093200966779 /* PhotosListBuilder.swift */,
				04E1024627E5093200966779 /* PhotosListViewModel.swift */,
				04E1024727E5093200966779 /* PhotosListViewController.swift */,
				04E1029527E7B74D00966779 /* PhotoListRouter.swift */,
			);
			path = PhotosList;
			sourceTree = "<group>";
		};
		04E1023E27E5093200966779 /* DataSource */ = {
			isa = PBXGroup;
			children = (
				04E1023F27E5093200966779 /* ItemCollectionViewCellType.swift */,
				04E1024027E5093200966779 /* PhotosCollectionViewDataSource.swift */,
			);
			path = DataSource;
			sourceTree = "<group>";
		};
		04E1024127E5093200966779 /* Cells */ = {
			isa = PBXGroup;
			children = (
				0432B03E27E9F7B400FB63D9 /* PageHeaderCollectionCell.swift */,
				04E1024427E5093200966779 /* PhotoCollectionCell.swift */,
			);
			path = Cells;
			sourceTree = "<group>";
		};
		04E1025B27E5266600966779 /* Protocol */ = {
			isa = PBXGroup;
			children = (
				04E1025C27E5266600966779 /* BaseViewModelIO.swift */,
				04E1025D27E5266600966779 /* CellReusable.swift */,
			);
			path = Protocol;
			sourceTree = "<group>";
		};
		04E1026027E526A700966779 /* SharedViews */ = {
			isa = PBXGroup;
			children = (
				04E1026127E526A700966779 /* EmptyPlaceHolderView.swift */,
			);
			path = SharedViews;
			sourceTree = "<group>";
		};
		04E1027627E7404F00966779 /* PhotoDetails */ = {
			isa = PBXGroup;
			children = (
				04E1027727E7404F00966779 /* DataSource */,
				04E1027B27E7404F00966779 /* Cell */,
				04E1027927E7404F00966779 /* PhotoDetailsViewModel.swift */,
				336E37B12A52282D00132FD7 /* PhotoDetailsUseCase.swift */,
				04E1027A27E7404F00966779 /* PhotoDetailsViewController.swift */,
				04E1028127E7404F00966779 /* PhotoDetailsBuilder.swift */,
			);
			path = PhotoDetails;
			sourceTree = "<group>";
		};
		04E1027727E7404F00966779 /* DataSource */ = {
			isa = PBXGroup;
			children = (
				04E1027827E7404F00966779 /* PhotoDetailsTableViewDataSource.swift */,
			);
			path = DataSource;
			sourceTree = "<group>";
		};
		04E1027B27E7404F00966779 /* Cell */ = {
			isa = PBXGroup;
			children = (
				04E1028027E7404F00966779 /* PhotoTableViewCell.swift */,
				04E1028D27E751D700966779 /* DetailsTableViewCell.swift */,
			);
			path = Cell;
			sourceTree = "<group>";
		};
		04E103B127E8C9AD00966779 /* PhotosListTests */ = {
			isa = PBXGroup;
			children = (
				04E103A827E8B5F600966779 /* PhotosListViewModelTests.swift */,
				04E103A627E8B5F600966779 /* PhotosListViewControllerTests.swift */,
			);
			path = PhotosListTests;
			sourceTree = "<group>";
		};
		04E103B227E8C9C300966779 /* ViewsTests */ = {
			isa = PBXGroup;
			children = (
				04E103A727E8B5F600966779 /* EmptyPlaceHolderViewTests.swift */,
				04E103A327E8B5F600966779 /* UIImageViewDownloadImageTests.swift */,
				04E103A427E8B5F600966779 /* UIView+LoadingTests.swift */,
			);
			path = ViewsTests;
			sourceTree = "<group>";
		};
		04E103B327E8CA9700966779 /* PhotoDetailsTests */ = {
			isa = PBXGroup;
			children = (
				04E103B427E8CB3F00966779 /* PhotoDetailsViewModelTests.swift */,
				04E103B527E8CB3F00966779 /* PhotoDetailsViewControllerTests.swift */,
			);
			path = PhotoDetailsTests;
			sourceTree = "<group>";
		};
		04E103BA27E8CFA500966779 /* MockedData */ = {
			isa = PBXGroup;
			children = (
				04E1022D27E4F7B100966779 /* data_collection.json */,
				04E1022E27E4F7B100966779 /* noData_collection.json */,
				04E103AF27E8BF4B00966779 /* ArtObject.json */,
				33BC40702A54F56C00142514 /* noData_ArtObjectDetailsResult.json */,
				04E103B827E8CF7900966779 /* ArtObjectDetailsResult.json */,
			);
			path = MockedData;
			sourceTree = "<group>";
		};
		3349C9A32A4E0CE5005A244A /* Utils ⚙️ */ = {
			isa = PBXGroup;
			children = (
				3349C9A42A4E0CE5005A244A /* Reachability.swift */,
				332305722A57767C0086A32F /* NWPathMonitor+Combine.swift */,
				3349C9A52A4E0CE5005A244A /* MemoryMonitor.swift */,
				3349C9B02A4E4343005A244A /* Logger */,
			);
			path = "Utils ⚙️";
			sourceTree = "<group>";
		};
		3349C9B02A4E4343005A244A /* Logger */ = {
			isa = PBXGroup;
			children = (
				3349C9B12A4E4343005A244A /* ProxyLogger.swift */,
				3349C9B22A4E4343005A244A /* LogLevel.swift */,
				3349C9B32A4E4343005A244A /* LoggerProtocol.swift */,
			);
			path = Logger;
			sourceTree = "<group>";
		};
		336E37912A51D70400132FD7 /* SnapshotTests */ = {
			isa = PBXGroup;
			children = (
				336E37922A51D70400132FD7 /* PhotosListViewControllerSnapshotTests.swift */,
				336E37A82A51D80F00132FD7 /* PhotoDetailsViewControllerSnapshotTests.swift */,
			);
			path = SnapshotTests;
			sourceTree = "<group>";
		};
		336E37AA2A51DFF700132FD7 /* MockNoCoreData */ = {
			isa = PBXGroup;
			children = (
				336E37AB2A51DFF700132FD7 /* MockDataMoviesRepository.swift */,
				336E37AC2A51DFF700132FD7 /* MockNoDataMoviesRepository.swift */,
			);
			path = MockNoCoreData;
			sourceTree = "<group>";
		};
/* End PBXGroup section */

/* Begin PBXNativeTarget section */
		04E101D027E4D18800966779 /* RijksMuseum */ = {
			isa = PBXNativeTarget;
			buildConfigurationList = 04E101FB27E4D18B00966779 /* Build configuration list for PBXNativeTarget "RijksMuseum" */;
			buildPhases = (
				04E101CD27E4D18800966779 /* Sources */,
				04E103A227E80DB700966779 /* SwiftLint */,
				04E101CE27E4D18800966779 /* Frameworks */,
				04E101CF27E4D18800966779 /* Resources */,
			);
			buildRules = (
			);
			dependencies = (
			);
			name = RijksMuseum;
			packageProductDependencies = (
				04E1025927E5244000966779 /* Kingfisher */,
				3323057C2A595E520086A32F /* SwiftMessages */,
			);
			productName = RijksMuseum;
			productReference = 04E101D127E4D18800966779 /* RijksMuseum.app */;
			productType = "com.apple.product-type.application";
		};
		04E101E627E4D18B00966779 /* RijksMuseumTests */ = {
			isa = PBXNativeTarget;
			buildConfigurationList = 04E101FE27E4D18B00966779 /* Build configuration list for PBXNativeTarget "RijksMuseumTests" */;
			buildPhases = (
				04E101E327E4D18B00966779 /* Sources */,
				04E101E427E4D18B00966779 /* Frameworks */,
				04E101E527E4D18B00966779 /* Resources */,
			);
			buildRules = (
			);
			dependencies = (
				04E101E927E4D18B00966779 /* PBXTargetDependency */,
			);
			name = RijksMuseumTests;
			packageProductDependencies = (
				336E37A62A51D73B00132FD7 /* SnapshotTesting */,
			);
			productName = RijksMuseumTests;
			productReference = 04E101E727E4D18B00966779 /* RijksMuseumTests.xctest */;
			productType = "com.apple.product-type.bundle.unit-test";
		};
		04E101F027E4D18B00966779 /* RijksMuseumUITests */ = {
			isa = PBXNativeTarget;
			buildConfigurationList = 04E1020127E4D18B00966779 /* Build configuration list for PBXNativeTarget "RijksMuseumUITests" */;
			buildPhases = (
				04E101ED27E4D18B00966779 /* Sources */,
				04E101EE27E4D18B00966779 /* Frameworks */,
				04E101EF27E4D18B00966779 /* Resources */,
			);
			buildRules = (
			);
			dependencies = (
				04E101F327E4D18B00966779 /* PBXTargetDependency */,
			);
			name = RijksMuseumUITests;
			packageProductDependencies = (
				336E378C2A50FE7500132FD7 /* Swifter */,
			);
			productName = RijksMuseumUITests;
			productReference = 04E101F127E4D18B00966779 /* RijksMuseumUITests.xctest */;
			productType = "com.apple.product-type.bundle.ui-testing";
		};
/* End PBXNativeTarget section */

/* Begin PBXProject section */
		04E101C927E4D18800966779 /* Project object */ = {
			isa = PBXProject;
			attributes = {
				BuildIndependentTargetsInParallel = 1;
				LastSwiftUpdateCheck = 1330;
				LastUpgradeCheck = 1330;
				TargetAttributes = {
					04E101D027E4D18800966779 = {
						CreatedOnToolsVersion = 13.3;
					};
					04E101E627E4D18B00966779 = {
						CreatedOnToolsVersion = 13.3;
						TestTargetID = 04E101D027E4D18800966779;
					};
					04E101F027E4D18B00966779 = {
						CreatedOnToolsVersion = 13.3;
						TestTargetID = 04E101D027E4D18800966779;
					};
				};
			};
			buildConfigurationList = 04E101CC27E4D18800966779 /* Build configuration list for PBXProject "RijksMuseum" */;
			compatibilityVersion = "Xcode 13.0";
			developmentRegion = en;
			hasScannedForEncodings = 0;
			knownRegions = (
				en,
				Base,
			);
			mainGroup = 04E101C827E4D18800966779;
			packageReferences = (
				04E1025827E5244000966779 /* XCRemoteSwiftPackageReference "Kingfisher" */,
				336E378B2A50FE7500132FD7 /* XCRemoteSwiftPackageReference "swifter" */,
				336E37A52A51D73B00132FD7 /* XCRemoteSwiftPackageReference "swift-snapshot-testing" */,
				3323057B2A595E520086A32F /* XCRemoteSwiftPackageReference "SwiftMessages" */,
			);
			productRefGroup = 04E101D227E4D18800966779 /* Products */;
			projectDirPath = "";
			projectRoot = "";
			targets = (
				04E101D027E4D18800966779 /* RijksMuseum */,
				04E101E627E4D18B00966779 /* RijksMuseumTests */,
				04E101F027E4D18B00966779 /* RijksMuseumUITests */,
			);
		};
/* End PBXProject section */

/* Begin PBXResourcesBuildPhase section */
		04E101CF27E4D18800966779 /* Resources */ = {
			isa = PBXResourcesBuildPhase;
			buildActionMask = 2147483647;
			files = (
				04E101E127E4D18B00966779 /* LaunchScreen.storyboard in Resources */,
				04E1021527E4D23400966779 /* Localizable.strings in Resources */,
				04E101DE27E4D18B00966779 /* Assets.xcassets in Resources */,
			);
			runOnlyForDeploymentPostprocessing = 0;
		};
		04E101E527E4D18B00966779 /* Resources */ = {
			isa = PBXResourcesBuildPhase;
			buildActionMask = 2147483647;
			files = (
				04E1023527E4F7B100966779 /* noData_collection.json in Resources */,
				04E103B027E8BF4B00966779 /* ArtObject.json in Resources */,
				33BC40712A54F56C00142514 /* noData_ArtObjectDetailsResult.json in Resources */,
				04E103B927E8CF7900966779 /* ArtObjectDetailsResult.json in Resources */,
				04E1023427E4F7B100966779 /* data_collection.json in Resources */,
			);
			runOnlyForDeploymentPostprocessing = 0;
		};
		04E101EF27E4D18B00966779 /* Resources */ = {
			isa = PBXResourcesBuildPhase;
			buildActionMask = 2147483647;
			files = (
				332305782A58B1180086A32F /* noData_ArtObjectDetailsResult.json in Resources */,
				336E378A2A509F3D00132FD7 /* data_collection.json in Resources */,
				336E37892A509F3D00132FD7 /* ArtObject.json in Resources */,
				336E37882A509F3D00132FD7 /* ArtObjectDetailsResult.json in Resources */,
				336E37872A509F3D00132FD7 /* noData_collection.json in Resources */,
			);
			runOnlyForDeploymentPostprocessing = 0;
		};
/* End PBXResourcesBuildPhase section */

/* Begin PBXShellScriptBuildPhase section */
		04E103A227E80DB700966779 /* SwiftLint */ = {
			isa = PBXShellScriptBuildPhase;
			buildActionMask = 2147483647;
			files = (
			);
			inputFileListPaths = (
			);
			inputPaths = (
			);
			name = SwiftLint;
			outputFileListPaths = (
			);
			outputPaths = (
			);
			runOnlyForDeploymentPostprocessing = 0;
			shellPath = /bin/sh;
			shellScript = "export PATH=\"$PATH:/opt/homebrew/bin\"\nif which swiftlint > /dev/null; then\n  swiftlint\nelse\n  echo \"warning: SwiftLint not installed, download from https://github.com/realm/SwiftLint\"\nfi\n";
		};
/* End PBXShellScriptBuildPhase section */

/* Begin PBXSourcesBuildPhase section */
		04E101CD27E4D18800966779 /* Sources */ = {
			isa = PBXSourcesBuildPhase;
			buildActionMask = 2147483647;
			files = (
				04E1029627E7B74D00966779 /* PhotoListRouter.swift in Sources */,
				04E1026627E54DFF00966779 /* EntryPoint.swift in Sources */,
				3349C9C22A4ED873005A244A /* ListViewModelState.swift in Sources */,
				04E1028327E7404F00966779 /* PhotoDetailsViewModel.swift in Sources */,
				04E1024E27E5093200966779 /* PhotosListViewModel.swift in Sources */,
				04E1029227E79ABD00966779 /* ArtObjectDetailsResult.swift in Sources */,
				04E1025E27E5266600966779 /* BaseViewModelIO.swift in Sources */,
				04E1028927E7404F00966779 /* PhotoTableViewCell.swift in Sources */,
				04E1021427E4D23400966779 /* Strings.swift in Sources */,
				04E1026427E531E100966779 /* WebImage.swift in Sources */,
				04E1029427E79B0300966779 /* ArtObjectDetails.swift in Sources */,
				04E1025527E51CFC00966779 /* UIImageView+DownloadImage.swift in Sources */,
				04E101D527E4D18800966779 /* AppDelegate.swift in Sources */,
				04E1028C27E74A3600966779 /* UIView+Padding.swift in Sources */,
				04E101D727E4D18800966779 /* SceneDelegate.swift in Sources */,
				04E1022627E4F4DD00966779 /* AppConstant.swift in Sources */,
				04E1024827E5093200966779 /* ItemCollectionViewCellType.swift in Sources */,
				04E1021027E4D1D700966779 /* APILinksFactory.swift in Sources */,
				04E1022327E4E9C000966779 /* ArtObjectCollectionResult.swift in Sources */,
				04E1028E27E751D700966779 /* DetailsTableViewCell.swift in Sources */,
				3349C9C02A4EC10B005A244A /* PhotosListUseCase.swift in Sources */,
				3349C9A62A4E0CE5005A244A /* Reachability.swift in Sources */,
				04E1020E27E4D1D700966779 /* WebArtObjectsRepository.swift in Sources */,
				04E1020D27E4D1D700966779 /* RijksMuseumError.swift in Sources */,
				04E1022127E4E9C000966779 /* ArtObject.swift in Sources */,
				04E1024C27E5093200966779 /* PhotoCollectionCell.swift in Sources */,
				3349C9A22A4E0CD8005A244A /* AccessibilityIdentifiers.swift in Sources */,
				04E1025F27E5266600966779 /* CellReusable.swift in Sources */,
				04E1028A27E7404F00966779 /* PhotoDetailsBuilder.swift in Sources */,
				3349C9B42A4E4343005A244A /* ProxyLogger.swift in Sources */,
				04E1025127E5199C00966779 /* UICollectionView+ReusableCell.swift in Sources */,
				3349C9B62A4E4343005A244A /* LoggerProtocol.swift in Sources */,
				3349C9A72A4E0CE5005A244A /* MemoryMonitor.swift in Sources */,
				04E1024F27E5093200966779 /* PhotosListViewController.swift in Sources */,
				3349C9BA2A4EB328005A244A /* APIClient.swift in Sources */,
				04E1028227E7404F00966779 /* PhotoDetailsTableViewDataSource.swift in Sources */,
				336E37B22A52282D00132FD7 /* PhotoDetailsUseCase.swift in Sources */,
				3349C9B52A4E4343005A244A /* LogLevel.swift in Sources */,
				04E1024927E5093200966779 /* PhotosCollectionViewDataSource.swift in Sources */,
				04E1026227E526A700966779 /* EmptyPlaceHolderView.swift in Sources */,
				04E1023B27E4FB3B00966779 /* NotificationName.swift in Sources */,
				332305732A57767C0086A32F /* NWPathMonitor+Combine.swift in Sources */,
				04E1028427E7404F00966779 /* PhotoDetailsViewController.swift in Sources */,
				04E1025627E51CFC00966779 /* UIView+Loading.swift in Sources */,
				0432B03F27E9F7B400FB63D9 /* PageHeaderCollectionCell.swift in Sources */,
				04E1020F27E4D1D700966779 /* ArtObjectsRepository.swift in Sources */,
				04E1024D27E5093200966779 /* PhotosListBuilder.swift in Sources */,
				04E1025727E51CFC00966779 /* UICollectionView+EmptyState.swift in Sources */,
				04E1029027E7652A00966779 /* UITableView+Extension.swift in Sources */,
			);
			runOnlyForDeploymentPostprocessing = 0;
		};
		04E101E327E4D18B00966779 /* Sources */ = {
			isa = PBXSourcesBuildPhase;
			buildActionMask = 2147483647;
			files = (
				332305762A5798630086A32F /* NetworkMock.swift in Sources */,
				336E37AD2A51DFF700132FD7 /* MockDataMoviesRepository.swift in Sources */,
				04E103AE27E8B5F600966779 /* PhotosListViewModelTests.swift in Sources */,
				04E103AA27E8B5F600966779 /* UIView+LoadingTests.swift in Sources */,
				336821882A54A0F10077993A /* XCTestCase+AsyncTest.swift in Sources */,
				04E103B627E8CB3F00966779 /* PhotoDetailsViewModelTests.swift in Sources */,
				336E379D2A51D70400132FD7 /* PhotosListViewControllerSnapshotTests.swift in Sources */,
				04E103AC27E8B5F600966779 /* PhotosListViewControllerTests.swift in Sources */,
				336E37A92A51D80F00132FD7 /* PhotoDetailsViewControllerSnapshotTests.swift in Sources */,
				336E37AE2A51DFF700132FD7 /* MockNoDataMoviesRepository.swift in Sources */,
				332305772A5798630086A32F /* MockReachability.swift in Sources */,
				336E37AF2A51E70C00132FD7 /* AccessibilityIdentifiers.swift in Sources */,
				04E1023627E4F7B100966779 /* DataLoader.swift in Sources */,
				04E103B727E8CB3F00966779 /* PhotoDetailsViewControllerTests.swift in Sources */,
				04E103AD27E8B5F600966779 /* EmptyPlaceHolderViewTests.swift in Sources */,
				04E103A927E8B5F600966779 /* UIImageViewDownloadImageTests.swift in Sources */,
				04E103AB27E8B5F600966779 /* PhotoTests.swift in Sources */,
				04E1023227E4F7B100966779 /* WebArtObjectsRepositoryTests.swift in Sources */,
			);
			runOnlyForDeploymentPostprocessing = 0;
		};
		04E101ED27E4D18B00966779 /* Sources */ = {
			isa = PBXSourcesBuildPhase;
			buildActionMask = 2147483647;
			files = (
				336E37902A5103BC00132FD7 /* Extensions.swift in Sources */,
				04E101F827E4D18B00966779 /* RijksMuseumUITestsLaunchTests.swift in Sources */,
				3349C9AF2A4E0D35005A244A /* NativeMockServer.swift in Sources */,
				336E37B02A51E70D00132FD7 /* AccessibilityIdentifiers.swift in Sources */,
				3349C9AD2A4E0D35005A244A /* RijksMuseumUITests.swift in Sources */,
			);
			runOnlyForDeploymentPostprocessing = 0;
		};
/* End PBXSourcesBuildPhase section */

/* Begin PBXTargetDependency section */
		04E101E927E4D18B00966779 /* PBXTargetDependency */ = {
			isa = PBXTargetDependency;
			target = 04E101D027E4D18800966779 /* RijksMuseum */;
			targetProxy = 04E101E827E4D18B00966779 /* PBXContainerItemProxy */;
		};
		04E101F327E4D18B00966779 /* PBXTargetDependency */ = {
			isa = PBXTargetDependency;
			target = 04E101D027E4D18800966779 /* RijksMuseum */;
			targetProxy = 04E101F227E4D18B00966779 /* PBXContainerItemProxy */;
		};
/* End PBXTargetDependency section */

/* Begin PBXVariantGroup section */
		04E101DF27E4D18B00966779 /* LaunchScreen.storyboard */ = {
			isa = PBXVariantGroup;
			children = (
				04E101E027E4D18B00966779 /* Base */,
			);
			name = LaunchScreen.storyboard;
			sourceTree = "<group>";
		};
/* End PBXVariantGroup section */

/* Begin XCBuildConfiguration section */
		04E101F927E4D18B00966779 /* Debug */ = {
			isa = XCBuildConfiguration;
			buildSettings = {
				ALWAYS_SEARCH_USER_PATHS = NO;
				CLANG_ANALYZER_NONNULL = YES;
				CLANG_ANALYZER_NUMBER_OBJECT_CONVERSION = YES_AGGRESSIVE;
				CLANG_CXX_LANGUAGE_STANDARD = "gnu++17";
				CLANG_ENABLE_MODULES = YES;
				CLANG_ENABLE_OBJC_ARC = YES;
				CLANG_ENABLE_OBJC_WEAK = YES;
				CLANG_WARN_BLOCK_CAPTURE_AUTORELEASING = YES;
				CLANG_WARN_BOOL_CONVERSION = YES;
				CLANG_WARN_COMMA = YES;
				CLANG_WARN_CONSTANT_CONVERSION = YES;
				CLANG_WARN_DEPRECATED_OBJC_IMPLEMENTATIONS = YES;
				CLANG_WARN_DIRECT_OBJC_ISA_USAGE = YES_ERROR;
				CLANG_WARN_DOCUMENTATION_COMMENTS = YES;
				CLANG_WARN_EMPTY_BODY = YES;
				CLANG_WARN_ENUM_CONVERSION = YES;
				CLANG_WARN_INFINITE_RECURSION = YES;
				CLANG_WARN_INT_CONVERSION = YES;
				CLANG_WARN_NON_LITERAL_NULL_CONVERSION = YES;
				CLANG_WARN_OBJC_IMPLICIT_RETAIN_SELF = YES;
				CLANG_WARN_OBJC_LITERAL_CONVERSION = YES;
				CLANG_WARN_OBJC_ROOT_CLASS = YES_ERROR;
				CLANG_WARN_QUOTED_INCLUDE_IN_FRAMEWORK_HEADER = YES;
				CLANG_WARN_RANGE_LOOP_ANALYSIS = YES;
				CLANG_WARN_STRICT_PROTOTYPES = YES;
				CLANG_WARN_SUSPICIOUS_MOVE = YES;
				CLANG_WARN_UNGUARDED_AVAILABILITY = YES_AGGRESSIVE;
				CLANG_WARN_UNREACHABLE_CODE = YES;
				CLANG_WARN__DUPLICATE_METHOD_MATCH = YES;
				COPY_PHASE_STRIP = NO;
				DEBUG_INFORMATION_FORMAT = dwarf;
				ENABLE_STRICT_OBJC_MSGSEND = YES;
				ENABLE_TESTABILITY = YES;
				GCC_C_LANGUAGE_STANDARD = gnu11;
				GCC_DYNAMIC_NO_PIC = NO;
				GCC_NO_COMMON_BLOCKS = YES;
				GCC_OPTIMIZATION_LEVEL = 0;
				GCC_PREPROCESSOR_DEFINITIONS = (
					"DEBUG=1",
					"$(inherited)",
				);
				GCC_WARN_64_TO_32_BIT_CONVERSION = YES;
				GCC_WARN_ABOUT_RETURN_TYPE = YES_ERROR;
				GCC_WARN_UNDECLARED_SELECTOR = YES;
				GCC_WARN_UNINITIALIZED_AUTOS = YES_AGGRESSIVE;
				GCC_WARN_UNUSED_FUNCTION = YES;
				GCC_WARN_UNUSED_VARIABLE = YES;
				IPHONEOS_DEPLOYMENT_TARGET = 14.0;
				MTL_ENABLE_DEBUG_INFO = INCLUDE_SOURCE;
				MTL_FAST_MATH = YES;
				ONLY_ACTIVE_ARCH = YES;
				SDKROOT = iphoneos;
				SWIFT_ACTIVE_COMPILATION_CONDITIONS = DEBUG;
				SWIFT_OPTIMIZATION_LEVEL = "-Onone";
			};
			name = Debug;
		};
		04E101FA27E4D18B00966779 /* Release */ = {
			isa = XCBuildConfiguration;
			buildSettings = {
				ALWAYS_SEARCH_USER_PATHS = NO;
				CLANG_ANALYZER_NONNULL = YES;
				CLANG_ANALYZER_NUMBER_OBJECT_CONVERSION = YES_AGGRESSIVE;
				CLANG_CXX_LANGUAGE_STANDARD = "gnu++17";
				CLANG_ENABLE_MODULES = YES;
				CLANG_ENABLE_OBJC_ARC = YES;
				CLANG_ENABLE_OBJC_WEAK = YES;
				CLANG_WARN_BLOCK_CAPTURE_AUTORELEASING = YES;
				CLANG_WARN_BOOL_CONVERSION = YES;
				CLANG_WARN_COMMA = YES;
				CLANG_WARN_CONSTANT_CONVERSION = YES;
				CLANG_WARN_DEPRECATED_OBJC_IMPLEMENTATIONS = YES;
				CLANG_WARN_DIRECT_OBJC_ISA_USAGE = YES_ERROR;
				CLANG_WARN_DOCUMENTATION_COMMENTS = YES;
				CLANG_WARN_EMPTY_BODY = YES;
				CLANG_WARN_ENUM_CONVERSION = YES;
				CLANG_WARN_INFINITE_RECURSION = YES;
				CLANG_WARN_INT_CONVERSION = YES;
				CLANG_WARN_NON_LITERAL_NULL_CONVERSION = YES;
				CLANG_WARN_OBJC_IMPLICIT_RETAIN_SELF = YES;
				CLANG_WARN_OBJC_LITERAL_CONVERSION = YES;
				CLANG_WARN_OBJC_ROOT_CLASS = YES_ERROR;
				CLANG_WARN_QUOTED_INCLUDE_IN_FRAMEWORK_HEADER = YES;
				CLANG_WARN_RANGE_LOOP_ANALYSIS = YES;
				CLANG_WARN_STRICT_PROTOTYPES = YES;
				CLANG_WARN_SUSPICIOUS_MOVE = YES;
				CLANG_WARN_UNGUARDED_AVAILABILITY = YES_AGGRESSIVE;
				CLANG_WARN_UNREACHABLE_CODE = YES;
				CLANG_WARN__DUPLICATE_METHOD_MATCH = YES;
				COPY_PHASE_STRIP = NO;
				DEBUG_INFORMATION_FORMAT = "dwarf-with-dsym";
				ENABLE_NS_ASSERTIONS = NO;
				ENABLE_STRICT_OBJC_MSGSEND = YES;
				GCC_C_LANGUAGE_STANDARD = gnu11;
				GCC_NO_COMMON_BLOCKS = YES;
				GCC_WARN_64_TO_32_BIT_CONVERSION = YES;
				GCC_WARN_ABOUT_RETURN_TYPE = YES_ERROR;
				GCC_WARN_UNDECLARED_SELECTOR = YES;
				GCC_WARN_UNINITIALIZED_AUTOS = YES_AGGRESSIVE;
				GCC_WARN_UNUSED_FUNCTION = YES;
				GCC_WARN_UNUSED_VARIABLE = YES;
				IPHONEOS_DEPLOYMENT_TARGET = 14.0;
				MTL_ENABLE_DEBUG_INFO = NO;
				MTL_FAST_MATH = YES;
				SDKROOT = iphoneos;
				SWIFT_COMPILATION_MODE = wholemodule;
				SWIFT_OPTIMIZATION_LEVEL = "-O";
				VALIDATE_PRODUCT = YES;
			};
			name = Release;
		};
		04E101FC27E4D18B00966779 /* Debug */ = {
			isa = XCBuildConfiguration;
			buildSettings = {
				ASSETCATALOG_COMPILER_APPICON_NAME = AppIcon;
				ASSETCATALOG_COMPILER_GLOBAL_ACCENT_COLOR_NAME = AccentColor;
				CODE_SIGN_STYLE = Automatic;
				CURRENT_PROJECT_VERSION = 1;
				DEVELOPMENT_TEAM = 75HW37487N;
				GENERATE_INFOPLIST_FILE = YES;
				INFOPLIST_FILE = RijksMuseum/Info.plist;
				INFOPLIST_KEY_UIApplicationSupportsIndirectInputEvents = YES;
				INFOPLIST_KEY_UILaunchStoryboardName = LaunchScreen;
				INFOPLIST_KEY_UISupportedInterfaceOrientations_iPad = "UIInterfaceOrientationPortrait UIInterfaceOrientationPortraitUpsideDown UIInterfaceOrientationLandscapeLeft UIInterfaceOrientationLandscapeRight";
				INFOPLIST_KEY_UISupportedInterfaceOrientations_iPhone = "UIInterfaceOrientationPortrait UIInterfaceOrientationLandscapeLeft UIInterfaceOrientationLandscapeRight";
				IPHONEOS_DEPLOYMENT_TARGET = 14.0;
				LD_RUNPATH_SEARCH_PATHS = (
					"$(inherited)",
					"@executable_path/Frameworks",
				);
				MARKETING_VERSION = 1.0;
				PRODUCT_BUNDLE_IDENTIFIER = dimo.hamdy.RijksMuseum;
				PRODUCT_NAME = "$(TARGET_NAME)";
				SWIFT_EMIT_LOC_STRINGS = YES;
				SWIFT_VERSION = 5.0;
				TARGETED_DEVICE_FAMILY = 1;
			};
			name = Debug;
		};
		04E101FD27E4D18B00966779 /* Release */ = {
			isa = XCBuildConfiguration;
			buildSettings = {
				ASSETCATALOG_COMPILER_APPICON_NAME = AppIcon;
				ASSETCATALOG_COMPILER_GLOBAL_ACCENT_COLOR_NAME = AccentColor;
				CODE_SIGN_STYLE = Automatic;
				CURRENT_PROJECT_VERSION = 1;
				DEVELOPMENT_TEAM = 75HW37487N;
				GENERATE_INFOPLIST_FILE = YES;
				INFOPLIST_FILE = RijksMuseum/Info.plist;
				INFOPLIST_KEY_UIApplicationSupportsIndirectInputEvents = YES;
				INFOPLIST_KEY_UILaunchStoryboardName = LaunchScreen;
				INFOPLIST_KEY_UISupportedInterfaceOrientations_iPad = "UIInterfaceOrientationPortrait UIInterfaceOrientationPortraitUpsideDown UIInterfaceOrientationLandscapeLeft UIInterfaceOrientationLandscapeRight";
				INFOPLIST_KEY_UISupportedInterfaceOrientations_iPhone = "UIInterfaceOrientationPortrait UIInterfaceOrientationLandscapeLeft UIInterfaceOrientationLandscapeRight";
				IPHONEOS_DEPLOYMENT_TARGET = 14.0;
				LD_RUNPATH_SEARCH_PATHS = (
					"$(inherited)",
					"@executable_path/Frameworks",
				);
				MARKETING_VERSION = 1.0;
				PRODUCT_BUNDLE_IDENTIFIER = dimo.hamdy.RijksMuseum;
				PRODUCT_NAME = "$(TARGET_NAME)";
				SWIFT_EMIT_LOC_STRINGS = YES;
				SWIFT_VERSION = 5.0;
				TARGETED_DEVICE_FAMILY = 1;
			};
			name = Release;
		};
		04E101FF27E4D18B00966779 /* Debug */ = {
			isa = XCBuildConfiguration;
			buildSettings = {
				ALWAYS_EMBED_SWIFT_STANDARD_LIBRARIES = YES;
				BUNDLE_LOADER = "$(TEST_HOST)";
				CODE_SIGN_STYLE = Automatic;
				CURRENT_PROJECT_VERSION = 1;
				DEVELOPMENT_TEAM = 75HW37487N;
				GENERATE_INFOPLIST_FILE = YES;
				IPHONEOS_DEPLOYMENT_TARGET = 14.0;
				MARKETING_VERSION = 1.0;
				PRODUCT_BUNDLE_IDENTIFIER = dimo.hamdy.RijksMuseumTests;
				PRODUCT_NAME = "$(TARGET_NAME)";
				SWIFT_EMIT_LOC_STRINGS = NO;
				SWIFT_VERSION = 5.0;
				TARGETED_DEVICE_FAMILY = "1,2";
				TEST_HOST = "$(BUILT_PRODUCTS_DIR)/RijksMuseum.app/RijksMuseum";
			};
			name = Debug;
		};
		04E1020027E4D18B00966779 /* Release */ = {
			isa = XCBuildConfiguration;
			buildSettings = {
				ALWAYS_EMBED_SWIFT_STANDARD_LIBRARIES = YES;
				BUNDLE_LOADER = "$(TEST_HOST)";
				CODE_SIGN_STYLE = Automatic;
				CURRENT_PROJECT_VERSION = 1;
				DEVELOPMENT_TEAM = 75HW37487N;
				GENERATE_INFOPLIST_FILE = YES;
				IPHONEOS_DEPLOYMENT_TARGET = 14.0;
				MARKETING_VERSION = 1.0;
				PRODUCT_BUNDLE_IDENTIFIER = dimo.hamdy.RijksMuseumTests;
				PRODUCT_NAME = "$(TARGET_NAME)";
				SWIFT_EMIT_LOC_STRINGS = NO;
				SWIFT_VERSION = 5.0;
				TARGETED_DEVICE_FAMILY = "1,2";
				TEST_HOST = "$(BUILT_PRODUCTS_DIR)/RijksMuseum.app/RijksMuseum";
			};
			name = Release;
		};
		04E1020227E4D18B00966779 /* Debug */ = {
			isa = XCBuildConfiguration;
			buildSettings = {
				ALWAYS_EMBED_SWIFT_STANDARD_LIBRARIES = YES;
				CODE_SIGN_STYLE = Automatic;
				CURRENT_PROJECT_VERSION = 1;
				DEVELOPMENT_TEAM = 75HW37487N;
				GENERATE_INFOPLIST_FILE = YES;
				IPHONEOS_DEPLOYMENT_TARGET = 14.0;
				MARKETING_VERSION = 1.0;
				PRODUCT_BUNDLE_IDENTIFIER = dimo.hamdy.RijksMuseumUITests;
				PRODUCT_NAME = "$(TARGET_NAME)";
				SWIFT_EMIT_LOC_STRINGS = NO;
				SWIFT_VERSION = 5.0;
				TARGETED_DEVICE_FAMILY = "1,2";
				TEST_TARGET_NAME = RijksMuseum;
			};
			name = Debug;
		};
		04E1020327E4D18B00966779 /* Release */ = {
			isa = XCBuildConfiguration;
			buildSettings = {
				ALWAYS_EMBED_SWIFT_STANDARD_LIBRARIES = YES;
				CODE_SIGN_STYLE = Automatic;
				CURRENT_PROJECT_VERSION = 1;
				DEVELOPMENT_TEAM = 75HW37487N;
				GENERATE_INFOPLIST_FILE = YES;
				IPHONEOS_DEPLOYMENT_TARGET = 14.0;
				MARKETING_VERSION = 1.0;
				PRODUCT_BUNDLE_IDENTIFIER = dimo.hamdy.RijksMuseumUITests;
				PRODUCT_NAME = "$(TARGET_NAME)";
				SWIFT_EMIT_LOC_STRINGS = NO;
				SWIFT_VERSION = 5.0;
				TARGETED_DEVICE_FAMILY = "1,2";
				TEST_TARGET_NAME = RijksMuseum;
			};
			name = Release;
		};
/* End XCBuildConfiguration section */

/* Begin XCConfigurationList section */
		04E101CC27E4D18800966779 /* Build configuration list for PBXProject "RijksMuseum" */ = {
			isa = XCConfigurationList;
			buildConfigurations = (
				04E101F927E4D18B00966779 /* Debug */,
				04E101FA27E4D18B00966779 /* Release */,
			);
			defaultConfigurationIsVisible = 0;
			defaultConfigurationName = Release;
		};
		04E101FB27E4D18B00966779 /* Build configuration list for PBXNativeTarget "RijksMuseum" */ = {
			isa = XCConfigurationList;
			buildConfigurations = (
				04E101FC27E4D18B00966779 /* Debug */,
				04E101FD27E4D18B00966779 /* Release */,
			);
			defaultConfigurationIsVisible = 0;
			defaultConfigurationName = Release;
		};
		04E101FE27E4D18B00966779 /* Build configuration list for PBXNativeTarget "RijksMuseumTests" */ = {
			isa = XCConfigurationList;
			buildConfigurations = (
				04E101FF27E4D18B00966779 /* Debug */,
				04E1020027E4D18B00966779 /* Release */,
			);
			defaultConfigurationIsVisible = 0;
			defaultConfigurationName = Release;
		};
		04E1020127E4D18B00966779 /* Build configuration list for PBXNativeTarget "RijksMuseumUITests" */ = {
			isa = XCConfigurationList;
			buildConfigurations = (
				04E1020227E4D18B00966779 /* Debug */,
				04E1020327E4D18B00966779 /* Release */,
			);
			defaultConfigurationIsVisible = 0;
			defaultConfigurationName = Release;
		};
/* End XCConfigurationList section */

/* Begin XCRemoteSwiftPackageReference section */
		04E1025827E5244000966779 /* XCRemoteSwiftPackageReference "Kingfisher" */ = {
			isa = XCRemoteSwiftPackageReference;
			repositoryURL = "https://github.com/onevcat/Kingfisher.git";
			requirement = {
				branch = master;
				kind = branch;
			};
		};
		3323057B2A595E520086A32F /* XCRemoteSwiftPackageReference "SwiftMessages" */ = {
			isa = XCRemoteSwiftPackageReference;
			repositoryURL = "https://github.com/SwiftKickMobile/SwiftMessages";
			requirement = {
				kind = upToNextMajorVersion;
				minimumVersion = 9.0.0;
			};
		};
		336E378B2A50FE7500132FD7 /* XCRemoteSwiftPackageReference "swifter" */ = {
			isa = XCRemoteSwiftPackageReference;
			repositoryURL = "https://github.com/httpswift/swifter.git";
			requirement = {
				kind = upToNextMajorVersion;
				minimumVersion = 1.0.0;
			};
		};
		336E37A52A51D73B00132FD7 /* XCRemoteSwiftPackageReference "swift-snapshot-testing" */ = {
			isa = XCRemoteSwiftPackageReference;
			repositoryURL = "https://github.com/pointfreeco/swift-snapshot-testing";
			requirement = {
				kind = upToNextMajorVersion;
				minimumVersion = 1.0.0;
			};
		};
/* End XCRemoteSwiftPackageReference section */

/* Begin XCSwiftPackageProductDependency section */
		04E1025927E5244000966779 /* Kingfisher */ = {
			isa = XCSwiftPackageProductDependency;
			package = 04E1025827E5244000966779 /* XCRemoteSwiftPackageReference "Kingfisher" */;
			productName = Kingfisher;
		};
		3323057C2A595E520086A32F /* SwiftMessages */ = {
			isa = XCSwiftPackageProductDependency;
			package = 3323057B2A595E520086A32F /* XCRemoteSwiftPackageReference "SwiftMessages" */;
			productName = SwiftMessages;
		};
		336E378C2A50FE7500132FD7 /* Swifter */ = {
			isa = XCSwiftPackageProductDependency;
			package = 336E378B2A50FE7500132FD7 /* XCRemoteSwiftPackageReference "swifter" */;
			productName = Swifter;
		};
		336E37A62A51D73B00132FD7 /* SnapshotTesting */ = {
			isa = XCSwiftPackageProductDependency;
			package = 336E37A52A51D73B00132FD7 /* XCRemoteSwiftPackageReference "swift-snapshot-testing" */;
			productName = SnapshotTesting;
		};
/* End XCSwiftPackageProductDependency section */
	};
	rootObject = 04E101C927E4D18800966779 /* Project object */;
}
